
Microsoft Visual Studio Solution File, Format Version 12.00
# Visual Studio Version 16
VisualStudioVersion = 16.0.31702.278
MinimumVisualStudioVersion = 10.0.40219.1
Project("{8BC9CEB8-8B4A-11D0-8D11-00A0C91BC942}") = "SapDatDaySo", "SapDatDaySo\SapDatDaySo.vcxproj", "{E8CA4DC3-625E-4951-9647-2EE2ECB949BA}"
EndProject
Project("{8BC9CEB8-8B4A-11D0-8D11-00A0C91BC942}") = "So0OCuoiDay", "So0OCuoiDay\So0OCuoiDay.vcxproj", "{293F25CA-D120-4983-8D60-713F15C7E963}"
EndProject
Project("{8BC9CEB8-8B4A-11D0-8D11-00A0C91BC942}") = "GhepDaySo", "GhepDaySo\GhepDaySo.vcxproj", "{A5D73242-1ABB-41BF-B1F3-F8DEFA23FD77}"
EndProject
Project("{8BC9CEB8-8B4A-11D0-8D11-00A0C91BC942}") = "PhanTuNhoNhatThuK", "PhanTuNhoNhatThuK\PhanTuNhoNhatThuK.vcxproj", "{1856803C-5DD8-43A8-A893-D438AAC6309E}"
EndProject
Project("{8BC9CEB8-8B4A-11D0-8D11-00A0C91BC942}") = "PhanTuLonNhat", "PhanTuLonNhat\PhanTuLonNhat.vcxproj", "{4FFCE8C5-A278-4B44-A322-55B53805BBED}"
EndProject
Project("{8BC9CEB8-8B4A-11D0-8D11-00A0C91BC942}") = "DayTamGiac", "DayTamGiac\DayTamGiac.vcxproj", "{D897866C-F514-4A18-8154-95CECDE9EA72}"
EndProject
Project("{8BC9CEB8-8B4A-11D0-8D11-00A0C91BC942}") = "SoNhoNhatChuaXuatHien", "SoNhoNhatChuaXuatHien\SoNhoNhatChuaXuatHien.vcxproj", "{256AB55C-ACF6-43DB-8A20-2799F1C97329}"
EndProject
Project("{8BC9CEB8-8B4A-11D0-8D11-00A0C91BC942}") = "TinhTongTrongKhoang", "TinhTongTrongKhoang\TinhTongTrongKhoang.vcxproj", "{C1C21E12-D5FD-462E-88B8-9C4E848BBA60}"
EndProject
Project("{8BC9CEB8-8B4A-11D0-8D11-00A0C91BC942}") = "KhoangCachNhoNhat", "KhoangCachNhoNhat\KhoangCachNhoNhat.vcxproj", "{4AA6A981-79DA-4E60-BA33-F429B3A4381D}"
EndProject
Project("{8BC9CEB8-8B4A-11D0-8D11-00A0C91BC942}") = "SapXepXenKe-1", "SapXepXenKe-1\SapXepXenKe-1.vcxproj", "{C9CF3804-5C82-438B-8396-B98E90C28E3C}"
EndProject
Project("{8BC9CEB8-8B4A-11D0-8D11-00A0C91BC942}") = "SapXep0-1-2", "SapXep0-1-2\SapXep0-1-2.vcxproj", "{CDAA767B-84E6-4B5B-89F9-585AE8DFEEC7}"
EndProject
Project("{8BC9CEB8-8B4A-11D0-8D11-00A0C91BC942}") = "DemCapPhanTuCoTongBangK", "DemCapPhanTuCoTongBangK\DemCapPhanTuCoTongBangK.vcxproj", "{FE3498C4-8D37-4D80-9365-701ACEE14AA1}"
EndProject
Project("{8BC9CEB8-8B4A-11D0-8D11-00A0C91BC942}") = "SapXepChuSo", "SapXepChuSo\SapXepChuSo.vcxproj", "{C0B51816-D9F1-4C61-8C9B-3D12389B791F}"
EndProject
Project("{8BC9CEB8-8B4A-11D0-8D11-00A0C91BC942}") = "TinhTich", "TinhTich\TinhTich.vcxproj", "{F8B4BD47-1220-45E3-AAA4-4D9790ED45E6}"
EndProject
Project("{8BC9CEB8-8B4A-11D0-8D11-00A0C91BC942}") = "TronHaiDayVaSapXep", "TronHaiDayVaSapXep\TronHaiDayVaSapXep.vcxproj", "{581C9CAB-1485-43E0-B064-946EBA19DE33}"
EndProject
Project("{8BC9CEB8-8B4A-11D0-8D11-00A0C91BC942}") = "BoSungPhanTu", "BoSungPhanTu\BoSungPhanTu.vcxproj", "{AB82F256-259D-4E75-ACE6-18205E5FEA31}"
EndProject
Project("{8BC9CEB8-8B4A-11D0-8D11-00A0C91BC942}") = "ChuSoChanLe1", "ChuSoChanLe1\ChuSoChanLe1.vcxproj", "{157D46FE-950A-4671-973F-8432F07219E2}"
EndProject
Project("{8BC9CEB8-8B4A-11D0-8D11-00A0C91BC942}") = "SoDungDau", "SoDungDau\SoDungDau.vcxproj", "{F657AF97-DB60-43ED-AAC7-9EE7174317F3}"
EndProject
Project("{8BC9CEB8-8B4A-11D0-8D11-00A0C91BC942}") = "LietKeSNTTrongDay", "LietKeSNTTrongDay\LietKeSNTTrongDay.vcxproj", "{94DCB8DF-F505-4C93-A4C3-93F37403B6EF}"
EndProject
Project("{8BC9CEB8-8B4A-11D0-8D11-00A0C91BC942}") = "SoDep1", "SoDep1\SoDep1.vcxproj", "{EE9EDE4D-D3CD-4A74-90D2-44B6E2E32DD5}"
EndProject
Project("{8BC9CEB8-8B4A-11D0-8D11-00A0C91BC942}") = "TinhTong", "TinhTong\TinhTong.vcxproj", "{09EF2426-A1AE-4DA6-8F74-CBD6000EFF71}"
EndProject
Project("{8BC9CEB8-8B4A-11D0-8D11-00A0C91BC942}") = "PhepToanCoBan", "PhepToanCoBan\PhepToanCoBan.vcxproj", "{C236439B-AAB8-4A27-BCC0-4C14180ED83C}"
EndProject
Project("{8BC9CEB8-8B4A-11D0-8D11-00A0C91BC942}") = "HinhChuNhat", "HinhChuNhat\HinhChuNhat.vcxproj", "{1BFB906D-FAD5-400B-ACCB-B8C62B84E202}"
EndProject
Project("{8BC9CEB8-8B4A-11D0-8D11-00A0C91BC942}") = "ChuyenDoiThangDoNhietDo", "ChuyenDoiThangDoNhietDo\ChuyenDoiThangDoNhietDo.vcxproj", "{2F462F1F-257A-4069-8B93-1BC0A89A6DAD}"
EndProject
Project("{8BC9CEB8-8B4A-11D0-8D11-00A0C91BC942}") = "ChuyenDoiNgayThang", "ChuyenDoiNgayThang\ChuyenDoiNgayThang.vcxproj", "{F7EA0457-62DA-4CD8-BD07-66C8A48DBEBA}"
EndProject
Project("{8BC9CEB8-8B4A-11D0-8D11-00A0C91BC942}") = "PhuongTrinhBac2", "PhuongTrinhBac2\PhuongTrinhBac2.vcxproj", "{D1B0ADBA-C8C5-4A5E-8326-028C96AA9157}"
EndProject
Project("{8BC9CEB8-8B4A-11D0-8D11-00A0C91BC942}") = "TinhTongTrongDoan", "TinhTongTrongDoan\TinhTongTrongDoan.vcxproj", "{51FCB22E-D6B3-44F0-9FC3-EAA98D5C4D8D}"
EndProject
Project("{8BC9CEB8-8B4A-11D0-8D11-00A0C91BC942}") = "BangCuuChuong", "BangCuuChuong\BangCuuChuong.vcxproj", "{2CEA6F18-CB9D-4308-ACE2-48A23EBFB2A1}"
EndProject
Project("{8BC9CEB8-8B4A-11D0-8D11-00A0C91BC942}") = "DemSoChuSo", "DemSoChuSo\DemSoChuSo.vcxproj", "{94BF711B-E115-4739-BED6-E3D1189CCC41}"
EndProject
Project("{8BC9CEB8-8B4A-11D0-8D11-00A0C91BC942}") = "ChuSoDauCuoi", "ChuSoDauCuoi\ChuSoDauCuoi.vcxproj", "{2763B3E0-E078-45D0-AF30-FD6BC9AE4573}"
EndProject
Project("{8BC9CEB8-8B4A-11D0-8D11-00A0C91BC942}") = "TimKiemTuanTu", "TimKiemTuanTu\TimKiemTuanTu.vcxproj", "{76E9014C-08C0-4037-A99B-4296E404CC4C}"
EndProject
Project("{8BC9CEB8-8B4A-11D0-8D11-00A0C91BC942}") = "TimKiemNhiPhan", "TimKiemNhiPhan\TimKiemNhiPhan.vcxproj", "{B45451A6-D389-479E-9176-6D9B1D920B67}"
EndProject
Project("{8BC9CEB8-8B4A-11D0-8D11-00A0C91BC942}") = "SoNhoNhatConThieu", "SoNhoNhatConThieu\SoNhoNhatConThieu.vcxproj", "{C3BE1039-6289-479F-AA97-4B7779793FBD}"
EndProject
Project("{8BC9CEB8-8B4A-11D0-8D11-00A0C91BC942}") = "TimKiemTrongDaySapXepVong", "TimKiemTrongDaySapXepVong\TimKiemTrongDaySapXepVong.vcxproj", "{DEEC3FE2-383F-4E86-93CF-30C661716038}"
EndProject
Project("{8BC9CEB8-8B4A-11D0-8D11-00A0C91BC942}") = "SoNhoNhatVaNhoThuHai", "SoNhoNhatVaNhoThuHai\SoNhoNhatVaNhoThuHai.vcxproj", "{590E383C-F8CD-4C55-A98A-184BDBC3924E}"
EndProject
Project("{8BC9CEB8-8B4A-11D0-8D11-00A0C91BC942}") = "TongGan0Nhat", "TongGan0Nhat\TongGan0Nhat.vcxproj", "{89C61A34-881B-4C04-9F22-BA4DCF23563A}"
EndProject
Project("{8BC9CEB8-8B4A-11D0-8D11-00A0C91BC942}") = "CapSoNguyenToDauTienCoTongBangN", "CapSoNguyenToDauTienCoTongBangN\CapSoNguyenToDauTienCoTongBangN.vcxproj", "{53CA42C9-C5FE-41BF-AF1B-68B13E49C2D0}"
EndProject
Project("{8BC9CEB8-8B4A-11D0-8D11-00A0C91BC942}") = "DemSoLanXuatHien", "DemSoLanXuatHien\DemSoLanXuatHien.vcxproj", "{D4B2191B-BFBC-4ACA-9D5A-252765522B0F}"
EndProject
Project("{8BC9CEB8-8B4A-11D0-8D11-00A0C91BC942}") = "LietKeKPhanTuLonNhat", "LietKeKPhanTuLonNhat\LietKeKPhanTuLonNhat.vcxproj", "{23BDB6E7-00A0-41F6-B03A-BAA9327C1385}"
EndProject
Project("{8BC9CEB8-8B4A-11D0-8D11-00A0C91BC942}") = "PhanTuDauTienLapLai", "PhanTuDauTienLapLai\PhanTuDauTienLapLai.vcxproj", "{0EA3DD43-C2AF-49EC-9E05-DE8AD718896D}"
EndProject
Project("{8BC9CEB8-8B4A-11D0-8D11-00A0C91BC942}") = "BienCuaMaTran", "BienCuaMaTran\BienCuaMaTran.vcxproj", "{1DB52A7E-2FF0-4D13-A820-8FE874F1566E}"
EndProject
Project("{8BC9CEB8-8B4A-11D0-8D11-00A0C91BC942}") = "InMaTran-1", "InMaTran-1\InMaTran-1.vcxproj", "{73B8EC9C-2A35-46F4-83EC-1F633669C3A9}"
EndProject
Project("{8BC9CEB8-8B4A-11D0-8D11-00A0C91BC942}") = "XauPangram", "XauPangram\XauPangram.vcxproj", "{58701B94-8B13-4924-ACA9-6306AF673436}"
EndProject
Project("{8BC9CEB8-8B4A-11D0-8D11-00A0C91BC942}") = "DiaChiEmail-1", "DiaChiEmail-1\DiaChiEmail-1.vcxproj", "{518E9CDF-E3A5-40A7-B2C8-6D5D43A029EE}"
EndProject
Project("{8BC9CEB8-8B4A-11D0-8D11-00A0C91BC942}") = "DemTu", "DemTu\DemTu.vcxproj", "{2E305AA7-6618-49E1-A4FD-8FC188376062}"
EndProject
Project("{8BC9CEB8-8B4A-11D0-8D11-00A0C91BC942}") = "ChiaHetCho11", "ChiaHetCho11\ChiaHetCho11.vcxproj", "{0C9A05C5-7367-4BFE-AA8B-B52EF3D57E39}"
EndProject
Project("{8BC9CEB8-8B4A-11D0-8D11-00A0C91BC942}") = "ChiaHetCho5", "ChiaHetCho5\ChiaHetCho5.vcxproj", "{E6DAED0D-CAC9-4BD4-ABDC-CCA41B876AEF}"
EndProject
Project("{8BC9CEB8-8B4A-11D0-8D11-00A0C91BC942}") = "SoHoanHao", "SoHoanHao\SoHoanHao.vcxproj", "{70974AA3-AEA4-4052-998E-5DFC3D0769F4}"
EndProject
Project("{8BC9CEB8-8B4A-11D0-8D11-00A0C91BC942}") = "DauCuoiGiongNhau", "DauCuoiGiongNhau\DauCuoiGiongNhau.vcxproj", "{52FFF817-5FAC-4715-BB82-C3F8830997AB}"
EndProject
Project("{8BC9CEB8-8B4A-11D0-8D11-00A0C91BC942}") = "BienDoiNhiPhan", "BienDoiNhiPhan\BienDoiNhiPhan.vcxproj", "{30D7A5C5-D791-4EE3-ACC6-6A911ADB00D2}"
EndProject
Project("{8BC9CEB8-8B4A-11D0-8D11-00A0C91BC942}") = "KyTuKhongLap", "KyTuKhongLap\KyTuKhongLap.vcxproj", "{8012342E-2614-4D58-BE26-AFBFBD04D5FB}"
EndProject
Project("{8BC9CEB8-8B4A-11D0-8D11-00A0C91BC942}") = "DaoTu", "DaoTu\DaoTu.vcxproj", "{C15A6DD9-38B4-41FF-A01E-3E27575F8E53}"
EndProject
Project("{8BC9CEB8-8B4A-11D0-8D11-00A0C91BC942}") = "SoMayMan", "SoMayMan\SoMayMan.vcxproj", "{D7182256-4813-4066-852E-F965F2C2B1A1}"
EndProject
Project("{8BC9CEB8-8B4A-11D0-8D11-00A0C91BC942}") = "NhoNhatLonNhat", "NhoNhatLonNhat\NhoNhatLonNhat.vcxproj", "{54EF3328-64C4-4C30-98F1-07496BBC5CDD}"
EndProject
Project("{8BC9CEB8-8B4A-11D0-8D11-00A0C91BC942}") = "TinhTongChuSo", "TinhTongChuSo\TinhTongChuSo.vcxproj", "{E2987D60-CFAF-4926-A3A9-3FCA2A487453}"
EndProject
Project("{8BC9CEB8-8B4A-11D0-8D11-00A0C91BC942}") = "SoLapLai", "SoLapLai\SoLapLai.vcxproj", "{118D30BB-30DF-4F6A-9952-7B2B1E19D29C}"
EndProject
Project("{8BC9CEB8-8B4A-11D0-8D11-00A0C91BC942}") = "CauTrucPhanSo", "CauTrucPhanSo\CauTrucPhanSo.vcxproj", "{19C4ABA5-05B1-47A6-B8D5-BB942750ED48}"
EndProject
Project("{8BC9CEB8-8B4A-11D0-8D11-00A0C91BC942}") = "TinhTongHaiPhanSo", "TinhTongHaiPhanSo\TinhTongHaiPhanSo.vcxproj", "{802AA522-F58F-4AFD-A722-5EDF69CAD3AF}"
EndProject
Project("{8BC9CEB8-8B4A-11D0-8D11-00A0C91BC942}") = "SapXepTheoSoLanXuatHien", "SapXepTheoSoLanXuatHien\SapXepTheoSoLanXuatHien.vcxproj", "{98B6363A-5CAE-4589-A67F-E7174865A60A}"
EndProject
Project("{8BC9CEB8-8B4A-11D0-8D11-00A0C91BC942}") = "ChuHoaChuThuong", "ChuHoaChuThuong\ChuHoaChuThuong.vcxproj", "{38D50315-D1D0-4340-AE24-AAB26FEBB733}"
EndProject
Project("{8BC9CEB8-8B4A-11D0-8D11-00A0C91BC942}") = "TinhTong1DenN", "TinhTong1DenN\TinhTong1DenN.vcxproj", "{3AE0B3CB-07A8-4D12-A97F-B6155EC31356}"
EndProject
Project("{8BC9CEB8-8B4A-11D0-8D11-00A0C91BC942}") = "TinhTongPhanThuc", "TinhTongPhanThuc\TinhTongPhanThuc.vcxproj", "{851F9A35-E6BF-4EA7-A9B8-7BCD70E276B7}"
EndProject
Project("{8BC9CEB8-8B4A-11D0-8D11-00A0C91BC942}") = "TinhTongGiaiThua", "TinhTongGiaiThua\TinhTongGiaiThua.vcxproj", "{46876657-2E6B-4783-8FC7-7667AD42A78C}"
EndProject
Project("{8BC9CEB8-8B4A-11D0-8D11-00A0C91BC942}") = "SoLocPhat", "SoLocPhat\SoLocPhat.vcxproj", "{A665159B-0537-41C4-B687-A8A87198BB25}"
EndProject
Project("{8BC9CEB8-8B4A-11D0-8D11-00A0C91BC942}") = "SoThuanNghich", "SoThuanNghich\SoThuanNghich.vcxproj", "{9B97BBF7-E3CE-43E9-8AB6-50163E5AD88F}"
EndProject
Project("{8BC9CEB8-8B4A-11D0-8D11-00A0C91BC942}") = "KiemTraSoNguyenTo", "KiemTraSoNguyenTo\KiemTraSoNguyenTo.vcxproj", "{749A7BD1-2369-4A8A-B29A-AF4B2E373D0C}"
EndProject
Project("{8BC9CEB8-8B4A-11D0-8D11-00A0C91BC942}") = "PhanTichThuaSoNguyenTo-2", "PhanTichThuaSoNguyenTo-2\PhanTichThuaSoNguyenTo-2.vcxproj", "{C1849808-A283-4238-BE29-A9215D36E58A}"
EndProject
Project("{8BC9CEB8-8B4A-11D0-8D11-00A0C91BC942}") = "ChamDiemTracNghiem", "ChamDiemTracNghiem\ChamDiemTracNghiem.vcxproj", "{A7F84B9F-8FBE-4162-806D-79471712A043}"
EndProject
Project("{8BC9CEB8-8B4A-11D0-8D11-00A0C91BC942}") = "SoFibonnacciThuN", "SoFibonnacciThuN\SoFibonnacciThuN.vcxproj", "{305C8DC1-DBCE-4FF4-8BBA-62AD04F942A3}"
EndProject
Project("{8BC9CEB8-8B4A-11D0-8D11-00A0C91BC942}") = "KhoangCach", "KhoangCach\KhoangCach.vcxproj", "{3DD79B12-1FFF-4261-88D9-74746342313D}"
EndProject
Project("{8BC9CEB8-8B4A-11D0-8D11-00A0C91BC942}") = "MaSoQuocGia", "MaSoQuocGia\MaSoQuocGia.vcxproj", "{9BD77C2A-AABE-4277-91A0-B0DF1FD73D9C}"
EndProject
Project("{8BC9CEB8-8B4A-11D0-8D11-00A0C91BC942}") = "ChenhLechNhoNhat", "ChenhLechNhoNhat\ChenhLechNhoNhat.vcxproj", "{D11891A2-2075-40DB-9ECD-20D4638384ED}"
EndProject
Project("{8BC9CEB8-8B4A-11D0-8D11-00A0C91BC942}") = "DemSoPhanTuLapLai", "DemSoPhanTuLapLai\DemSoPhanTuLapLai.vcxproj", "{C3A7E72C-640B-4DA3-ADA5-42977DAC0148}"
EndProject
Project("{8BC9CEB8-8B4A-11D0-8D11-00A0C91BC942}") = "DayUuThe", "DayUuThe\DayUuThe.vcxproj", "{59340245-CB9D-4607-BFF5-25EFB787054C}"
EndProject
Project("{8BC9CEB8-8B4A-11D0-8D11-00A0C91BC942}") = "CauTrucDiem", "CauTrucDiem\CauTrucDiem.vcxproj", "{44B443D5-746E-4D8F-B5D2-9D5C0D8D7102}"
EndProject
Project("{8BC9CEB8-8B4A-11D0-8D11-00A0C91BC942}") = "CauTrucThiSinh", "CauTrucThiSinh\CauTrucThiSinh.vcxproj", "{08207354-DB8B-497F-974F-6F8FE44EAB70}"
EndProject
Project("{8BC9CEB8-8B4A-11D0-8D11-00A0C91BC942}") = "BT0", "BT0\BT0.vcxproj", "{CA5A135A-9D6C-4170-AF8D-C359C187E9E2}"
EndProject
Project("{8BC9CEB8-8B4A-11D0-8D11-00A0C91BC942}") = "SoDep", "SoDep\SoDep.vcxproj", "{A6D549C6-4604-48B5-B220-C9B0790EEA1F}"
EndProject
Project("{8BC9CEB8-8B4A-11D0-8D11-00A0C91BC942}") = "ChucMungNamMoi", "ChucMungNamMoi\ChucMungNamMoi.vcxproj", "{244457DC-ED93-48D2-AAC0-F85E92B1D5E3}"
EndProject
Project("{8BC9CEB8-8B4A-11D0-8D11-00A0C91BC942}") = "MaHoa", "MaHoa\MaHoa.vcxproj", "{3E44A4EB-1AE4-4B4F-800A-293072F21911}"
EndProject
Project("{8BC9CEB8-8B4A-11D0-8D11-00A0C91BC942}") = "MaTranNhiPhan", "MaTranNhiPhan\MaTranNhiPhan.vcxproj", "{546739B2-D28B-45CA-8F54-EDE7D690221D}"
EndProject
Project("{8BC9CEB8-8B4A-11D0-8D11-00A0C91BC942}") = "LoaiBoNguyenAm", "LoaiBoNguyenAm\LoaiBoNguyenAm.vcxproj", "{F45EF0FF-2145-4E49-9DBF-3B962EA1A3BA}"
EndProject
Project("{8BC9CEB8-8B4A-11D0-8D11-00A0C91BC942}") = "LietKeCacSoKhacNhauTheoThuTu", "LietKeCacSoKhacNhauTheoThuTu\LietKeCacSoKhacNhauTheoThuTu.vcxproj", "{0CA2D611-19C9-4674-A330-7683B9C0E9BC}"
EndProject
Project("{8BC9CEB8-8B4A-11D0-8D11-00A0C91BC942}") = "SoLienKe", "SoLienKe\SoLienKe.vcxproj", "{A7C66C60-A539-459C-BB2F-A35CA21F2BA7}"
EndProject
Project("{8BC9CEB8-8B4A-11D0-8D11-00A0C91BC942}") = "CanBangChanLe", "CanBangChanLe\CanBangChanLe.vcxproj", "{0E2CDB0D-8ABE-459C-94EB-AA4739446523}"
EndProject
Project("{8BC9CEB8-8B4A-11D0-8D11-00A0C91BC942}") = "CauTrucNhanVien", "CauTrucNhanVien\CauTrucNhanVien.vcxproj", "{B59CCA39-8487-4B54-B611-E4BD739830F7}"
EndProject
Project("{8BC9CEB8-8B4A-11D0-8D11-00A0C91BC942}") = "UocSoNguyenToNhoNhat", "UocSoNguyenToNhoNhat\UocSoNguyenToNhoNhat.vcxproj", "{4F752E09-11BC-46F4-8A4F-8388E4BCE0E6}"
EndProject
Project("{8BC9CEB8-8B4A-11D0-8D11-00A0C91BC942}") = "ChiaHet3SoNguyen", "ChiaHet3SoNguyen\ChiaHet3SoNguyen.vcxproj", "{53EBBFF3-D798-4ABF-9089-96312DCD4339}"
EndProject
Project("{8BC9CEB8-8B4A-11D0-8D11-00A0C91BC942}") = "TichHaiMaTran", "TichHaiMaTran\TichHaiMaTran.vcxproj", "{E110EF2E-7FE5-4FDF-961B-FE27BF0E2C08}"
EndProject
Project("{8BC9CEB8-8B4A-11D0-8D11-00A0C91BC942}") = "HoanViLienKePhiaTruoc", "HoanViLienKePhiaTruoc\HoanViLienKePhiaTruoc.vcxproj", "{C0D53EB1-A414-4D85-AFA7-1D521A228140}"
EndProject
Project("{8BC9CEB8-8B4A-11D0-8D11-00A0C91BC942}") = "TongHaiPhanSo", "TongHaiPhanSo\TongHaiPhanSo.vcxproj", "{32AEA261-2584-4A05-A314-70AE954DB527}"
EndProject
Project("{8BC9CEB8-8B4A-11D0-8D11-00A0C91BC942}") = "KhaiBaoLopPhanSo", "KhaiBaoLopPhanSo\KhaiBaoLopPhanSo.vcxproj", "{DBE806FF-D502-4B78-AC38-3A49CD92871F}"
EndProject
Project("{8BC9CEB8-8B4A-11D0-8D11-00A0C91BC942}") = "SoSphenic", "SoSphenic\SoSphenic.vcxproj", "{EEA98949-390E-4ED1-9F31-C80A34347BAB}"
EndProject
Project("{8BC9CEB8-8B4A-11D0-8D11-00A0C91BC942}") = "DemSoCoBaUocSo", "DemSoCoBaUocSo\DemSoCoBaUocSo.vcxproj", "{7C3BE98A-1FEE-416F-8749-8A99E1922316}"
EndProject
Project("{8BC9CEB8-8B4A-11D0-8D11-00A0C91BC942}") = "ChiaHetChoAVaB", "ChiaHetChoAVaB\ChiaHetChoAVaB.vcxproj", "{C064E98F-DDD4-4824-8A0A-A29EBAFDF1FA}"
EndProject
Project("{8BC9CEB8-8B4A-11D0-8D11-00A0C91BC942}") = "CauTrucSinhVien", "CauTrucSinhVien\CauTrucSinhVien.vcxproj", "{6F21B0E7-D154-4B76-830C-9ABC5D1533B2}"
EndProject
Project("{8BC9CEB8-8B4A-11D0-8D11-00A0C91BC942}") = "TinhTongHaiDoiTuongPhanSo", "TinhTongHaiDoiTuongPhanSo\TinhTongHaiDoiTuongPhanSo.vcxproj", "{9463FFAF-3E7B-422E-9E92-D4FFD563DEB3}"
EndProject
Project("{8BC9CEB8-8B4A-11D0-8D11-00A0C91BC942}") = "LietKeHoanVi", "LietKeHoanVi\LietKeHoanVi.vcxproj", "{6EC1E44D-E9C4-475F-9DC7-62AD18D385D6}"
EndProject
Project("{8BC9CEB8-8B4A-11D0-8D11-00A0C91BC942}") = "KhaiBaoLopSinhVien-3", "KhaiBaoLopSinhVien-3\KhaiBaoLopSinhVien-3.vcxproj", "{DD11C4FE-EEEA-4E05-9F31-54EAE00F1C74}"
EndProject
Project("{8BC9CEB8-8B4A-11D0-8D11-00A0C91BC942}") = "KhaiBaoLopSinhVien-1", "KhaiBaoLopSinhVien-1\KhaiBaoLopSinhVien-1.vcxproj", "{E8ED0990-C7E5-45EC-A453-8805ED2007F0}"
EndProject
Project("{8BC9CEB8-8B4A-11D0-8D11-00A0C91BC942}") = "KhaiBaoLopSinhVien2", "KhaiBaoLopSinhVien2\KhaiBaoLopSinhVien2.vcxproj", "{E61905E7-E782-4734-ACBD-A1E90214323D}"
EndProject
Project("{8BC9CEB8-8B4A-11D0-8D11-00A0C91BC942}") = "KhaiBaoLopNhanVien", "KhaiBaoLopNhanVien\KhaiBaoLopNhanVien.vcxproj", "{9566A827-BF84-4CD2-9534-5B598588DCF8}"
EndProject
Project("{8BC9CEB8-8B4A-11D0-8D11-00A0C91BC942}") = "TichGiaiThuaCacChuSo", "TichGiaiThuaCacChuSo\TichGiaiThuaCacChuSo.vcxproj", "{BB83B408-C82C-47FC-A088-85D207F5AF58}"
EndProject
Project("{8BC9CEB8-8B4A-11D0-8D11-00A0C91BC942}") = "HieuHaiSoNguyenLon", "HieuHaiSoNguyenLon\HieuHaiSoNguyenLon.vcxproj", "{FA345246-1178-4C33-AF05-998062361C21}"
EndProject
Project("{8BC9CEB8-8B4A-11D0-8D11-00A0C91BC942}") = "PhepChiaDuCuaSoNguyenLon", "PhepChiaDuCuaSoNguyenLon\PhepChiaDuCuaSoNguyenLon.vcxproj", "{95276E78-751E-4071-A3FF-9311F9A06ABB}"
EndProject
Project("{8BC9CEB8-8B4A-11D0-8D11-00A0C91BC942}") = "KiemTraDayFibonnaci", "KiemTraDayFibonnaci\KiemTraDayFibonnaci.vcxproj", "{4CBEE19D-6436-4C28-A5DC-85AD12C072A4}"
EndProject
Project("{8BC9CEB8-8B4A-11D0-8D11-00A0C91BC942}") = "DanhSachSV-1", "DanhSachSV-1\DanhSachSV-1.vcxproj", "{FAC816EF-BFB4-4542-8738-8A400E8C5015}"
EndProject
Project("{8BC9CEB8-8B4A-11D0-8D11-00A0C91BC942}") = "DanhSachSV-2", "DanhSachSV-2\DanhSachSV-2.vcxproj", "{D05395C9-DB43-4A1B-98DF-90597864C868}"
EndProject
Project("{8BC9CEB8-8B4A-11D0-8D11-00A0C91BC942}") = "DanhSachDoiTuongSV-1", "DanhSachDoiTuongSV-1\DanhSachDoiTuongSV-1.vcxproj", "{89BFF55E-6D75-4A6D-903F-8EC845C88422}"
EndProject
Project("{8BC9CEB8-8B4A-11D0-8D11-00A0C91BC942}") = "DanhSachDoiTuongSV-2", "DanhSachDoiTuongSV-2\DanhSachDoiTuongSV-2.vcxproj", "{1525A00A-CD99-4CD1-9EB2-13DFE34DEDD6}"
EndProject
Project("{8BC9CEB8-8B4A-11D0-8D11-00A0C91BC942}") = "DayConTangDaiNhat", "DayConTangDaiNhat\DayConTangDaiNhat.vcxproj", "{F06A6A82-6137-479D-A3B8-4FFF36C9A7B4}"
EndProject
Project("{8BC9CEB8-8B4A-11D0-8D11-00A0C91BC942}") = "LietKeSinhVienTheoKhoas", "LietKeSinhVienTheoKhoas\LietKeSinhVienTheoKhoas.vcxproj", "{A627D5CC-C8E0-4DD0-8D5B-91B04C77AD3C}"
EndProject
Project("{8BC9CEB8-8B4A-11D0-8D11-00A0C91BC942}") = "LietKeSinhVienTheoLop", "LietKeSinhVienTheoLop\LietKeSinhVienTheoLop.vcxproj", "{FE3C5AB2-9E4B-42D0-9312-BE69421B5C10}"
EndProject
Global
	GlobalSection(SolutionConfigurationPlatforms) = preSolution
		Debug|x64 = Debug|x64
		Debug|x86 = Debug|x86
		Release|x64 = Release|x64
		Release|x86 = Release|x86
	EndGlobalSection
	GlobalSection(ProjectConfigurationPlatforms) = postSolution
		{E8CA4DC3-625E-4951-9647-2EE2ECB949BA}.Debug|x64.ActiveCfg = Debug|x64
		{E8CA4DC3-625E-4951-9647-2EE2ECB949BA}.Debug|x64.Build.0 = Debug|x64
		{E8CA4DC3-625E-4951-9647-2EE2ECB949BA}.Debug|x86.ActiveCfg = Debug|Win32
		{E8CA4DC3-625E-4951-9647-2EE2ECB949BA}.Debug|x86.Build.0 = Debug|Win32
		{E8CA4DC3-625E-4951-9647-2EE2ECB949BA}.Release|x64.ActiveCfg = Release|x64
		{E8CA4DC3-625E-4951-9647-2EE2ECB949BA}.Release|x64.Build.0 = Release|x64
		{E8CA4DC3-625E-4951-9647-2EE2ECB949BA}.Release|x86.ActiveCfg = Release|Win32
		{E8CA4DC3-625E-4951-9647-2EE2ECB949BA}.Release|x86.Build.0 = Release|Win32
		{293F25CA-D120-4983-8D60-713F15C7E963}.Debug|x64.ActiveCfg = Debug|x64
		{293F25CA-D120-4983-8D60-713F15C7E963}.Debug|x64.Build.0 = Debug|x64
		{293F25CA-D120-4983-8D60-713F15C7E963}.Debug|x86.ActiveCfg = Debug|Win32
		{293F25CA-D120-4983-8D60-713F15C7E963}.Debug|x86.Build.0 = Debug|Win32
		{293F25CA-D120-4983-8D60-713F15C7E963}.Release|x64.ActiveCfg = Release|x64
		{293F25CA-D120-4983-8D60-713F15C7E963}.Release|x64.Build.0 = Release|x64
		{293F25CA-D120-4983-8D60-713F15C7E963}.Release|x86.ActiveCfg = Release|Win32
		{293F25CA-D120-4983-8D60-713F15C7E963}.Release|x86.Build.0 = Release|Win32
		{A5D73242-1ABB-41BF-B1F3-F8DEFA23FD77}.Debug|x64.ActiveCfg = Debug|x64
		{A5D73242-1ABB-41BF-B1F3-F8DEFA23FD77}.Debug|x64.Build.0 = Debug|x64
		{A5D73242-1ABB-41BF-B1F3-F8DEFA23FD77}.Debug|x86.ActiveCfg = Debug|Win32
		{A5D73242-1ABB-41BF-B1F3-F8DEFA23FD77}.Debug|x86.Build.0 = Debug|Win32
		{A5D73242-1ABB-41BF-B1F3-F8DEFA23FD77}.Release|x64.ActiveCfg = Release|x64
		{A5D73242-1ABB-41BF-B1F3-F8DEFA23FD77}.Release|x64.Build.0 = Release|x64
		{A5D73242-1ABB-41BF-B1F3-F8DEFA23FD77}.Release|x86.ActiveCfg = Release|Win32
		{A5D73242-1ABB-41BF-B1F3-F8DEFA23FD77}.Release|x86.Build.0 = Release|Win32
		{1856803C-5DD8-43A8-A893-D438AAC6309E}.Debug|x64.ActiveCfg = Debug|x64
		{1856803C-5DD8-43A8-A893-D438AAC6309E}.Debug|x64.Build.0 = Debug|x64
		{1856803C-5DD8-43A8-A893-D438AAC6309E}.Debug|x86.ActiveCfg = Debug|Win32
		{1856803C-5DD8-43A8-A893-D438AAC6309E}.Debug|x86.Build.0 = Debug|Win32
		{1856803C-5DD8-43A8-A893-D438AAC6309E}.Release|x64.ActiveCfg = Release|x64
		{1856803C-5DD8-43A8-A893-D438AAC6309E}.Release|x64.Build.0 = Release|x64
		{1856803C-5DD8-43A8-A893-D438AAC6309E}.Release|x86.ActiveCfg = Release|Win32
		{1856803C-5DD8-43A8-A893-D438AAC6309E}.Release|x86.Build.0 = Release|Win32
		{4FFCE8C5-A278-4B44-A322-55B53805BBED}.Debug|x64.ActiveCfg = Debug|x64
		{4FFCE8C5-A278-4B44-A322-55B53805BBED}.Debug|x64.Build.0 = Debug|x64
		{4FFCE8C5-A278-4B44-A322-55B53805BBED}.Debug|x86.ActiveCfg = Debug|Win32
		{4FFCE8C5-A278-4B44-A322-55B53805BBED}.Debug|x86.Build.0 = Debug|Win32
		{4FFCE8C5-A278-4B44-A322-55B53805BBED}.Release|x64.ActiveCfg = Release|x64
		{4FFCE8C5-A278-4B44-A322-55B53805BBED}.Release|x64.Build.0 = Release|x64
		{4FFCE8C5-A278-4B44-A322-55B53805BBED}.Release|x86.ActiveCfg = Release|Win32
		{4FFCE8C5-A278-4B44-A322-55B53805BBED}.Release|x86.Build.0 = Release|Win32
		{D897866C-F514-4A18-8154-95CECDE9EA72}.Debug|x64.ActiveCfg = Debug|x64
		{D897866C-F514-4A18-8154-95CECDE9EA72}.Debug|x64.Build.0 = Debug|x64
		{D897866C-F514-4A18-8154-95CECDE9EA72}.Debug|x86.ActiveCfg = Debug|Win32
		{D897866C-F514-4A18-8154-95CECDE9EA72}.Debug|x86.Build.0 = Debug|Win32
		{D897866C-F514-4A18-8154-95CECDE9EA72}.Release|x64.ActiveCfg = Release|x64
		{D897866C-F514-4A18-8154-95CECDE9EA72}.Release|x64.Build.0 = Release|x64
		{D897866C-F514-4A18-8154-95CECDE9EA72}.Release|x86.ActiveCfg = Release|Win32
		{D897866C-F514-4A18-8154-95CECDE9EA72}.Release|x86.Build.0 = Release|Win32
		{256AB55C-ACF6-43DB-8A20-2799F1C97329}.Debug|x64.ActiveCfg = Debug|x64
		{256AB55C-ACF6-43DB-8A20-2799F1C97329}.Debug|x64.Build.0 = Debug|x64
		{256AB55C-ACF6-43DB-8A20-2799F1C97329}.Debug|x86.ActiveCfg = Debug|Win32
		{256AB55C-ACF6-43DB-8A20-2799F1C97329}.Debug|x86.Build.0 = Debug|Win32
		{256AB55C-ACF6-43DB-8A20-2799F1C97329}.Release|x64.ActiveCfg = Release|x64
		{256AB55C-ACF6-43DB-8A20-2799F1C97329}.Release|x64.Build.0 = Release|x64
		{256AB55C-ACF6-43DB-8A20-2799F1C97329}.Release|x86.ActiveCfg = Release|Win32
		{256AB55C-ACF6-43DB-8A20-2799F1C97329}.Release|x86.Build.0 = Release|Win32
		{C1C21E12-D5FD-462E-88B8-9C4E848BBA60}.Debug|x64.ActiveCfg = Debug|x64
		{C1C21E12-D5FD-462E-88B8-9C4E848BBA60}.Debug|x64.Build.0 = Debug|x64
		{C1C21E12-D5FD-462E-88B8-9C4E848BBA60}.Debug|x86.ActiveCfg = Debug|Win32
		{C1C21E12-D5FD-462E-88B8-9C4E848BBA60}.Debug|x86.Build.0 = Debug|Win32
		{C1C21E12-D5FD-462E-88B8-9C4E848BBA60}.Release|x64.ActiveCfg = Release|x64
		{C1C21E12-D5FD-462E-88B8-9C4E848BBA60}.Release|x64.Build.0 = Release|x64
		{C1C21E12-D5FD-462E-88B8-9C4E848BBA60}.Release|x86.ActiveCfg = Release|Win32
		{C1C21E12-D5FD-462E-88B8-9C4E848BBA60}.Release|x86.Build.0 = Release|Win32
		{4AA6A981-79DA-4E60-BA33-F429B3A4381D}.Debug|x64.ActiveCfg = Debug|x64
		{4AA6A981-79DA-4E60-BA33-F429B3A4381D}.Debug|x64.Build.0 = Debug|x64
		{4AA6A981-79DA-4E60-BA33-F429B3A4381D}.Debug|x86.ActiveCfg = Debug|Win32
		{4AA6A981-79DA-4E60-BA33-F429B3A4381D}.Debug|x86.Build.0 = Debug|Win32
		{4AA6A981-79DA-4E60-BA33-F429B3A4381D}.Release|x64.ActiveCfg = Release|x64
		{4AA6A981-79DA-4E60-BA33-F429B3A4381D}.Release|x64.Build.0 = Release|x64
		{4AA6A981-79DA-4E60-BA33-F429B3A4381D}.Release|x86.ActiveCfg = Release|Win32
		{4AA6A981-79DA-4E60-BA33-F429B3A4381D}.Release|x86.Build.0 = Release|Win32
		{C9CF3804-5C82-438B-8396-B98E90C28E3C}.Debug|x64.ActiveCfg = Debug|x64
		{C9CF3804-5C82-438B-8396-B98E90C28E3C}.Debug|x64.Build.0 = Debug|x64
		{C9CF3804-5C82-438B-8396-B98E90C28E3C}.Debug|x86.ActiveCfg = Debug|Win32
		{C9CF3804-5C82-438B-8396-B98E90C28E3C}.Debug|x86.Build.0 = Debug|Win32
		{C9CF3804-5C82-438B-8396-B98E90C28E3C}.Release|x64.ActiveCfg = Release|x64
		{C9CF3804-5C82-438B-8396-B98E90C28E3C}.Release|x64.Build.0 = Release|x64
		{C9CF3804-5C82-438B-8396-B98E90C28E3C}.Release|x86.ActiveCfg = Release|Win32
		{C9CF3804-5C82-438B-8396-B98E90C28E3C}.Release|x86.Build.0 = Release|Win32
		{CDAA767B-84E6-4B5B-89F9-585AE8DFEEC7}.Debug|x64.ActiveCfg = Debug|x64
		{CDAA767B-84E6-4B5B-89F9-585AE8DFEEC7}.Debug|x64.Build.0 = Debug|x64
		{CDAA767B-84E6-4B5B-89F9-585AE8DFEEC7}.Debug|x86.ActiveCfg = Debug|Win32
		{CDAA767B-84E6-4B5B-89F9-585AE8DFEEC7}.Debug|x86.Build.0 = Debug|Win32
		{CDAA767B-84E6-4B5B-89F9-585AE8DFEEC7}.Release|x64.ActiveCfg = Release|x64
		{CDAA767B-84E6-4B5B-89F9-585AE8DFEEC7}.Release|x64.Build.0 = Release|x64
		{CDAA767B-84E6-4B5B-89F9-585AE8DFEEC7}.Release|x86.ActiveCfg = Release|Win32
		{CDAA767B-84E6-4B5B-89F9-585AE8DFEEC7}.Release|x86.Build.0 = Release|Win32
		{FE3498C4-8D37-4D80-9365-701ACEE14AA1}.Debug|x64.ActiveCfg = Debug|x64
		{FE3498C4-8D37-4D80-9365-701ACEE14AA1}.Debug|x64.Build.0 = Debug|x64
		{FE3498C4-8D37-4D80-9365-701ACEE14AA1}.Debug|x86.ActiveCfg = Debug|Win32
		{FE3498C4-8D37-4D80-9365-701ACEE14AA1}.Debug|x86.Build.0 = Debug|Win32
		{FE3498C4-8D37-4D80-9365-701ACEE14AA1}.Release|x64.ActiveCfg = Release|x64
		{FE3498C4-8D37-4D80-9365-701ACEE14AA1}.Release|x64.Build.0 = Release|x64
		{FE3498C4-8D37-4D80-9365-701ACEE14AA1}.Release|x86.ActiveCfg = Release|Win32
		{FE3498C4-8D37-4D80-9365-701ACEE14AA1}.Release|x86.Build.0 = Release|Win32
		{C0B51816-D9F1-4C61-8C9B-3D12389B791F}.Debug|x64.ActiveCfg = Debug|x64
		{C0B51816-D9F1-4C61-8C9B-3D12389B791F}.Debug|x64.Build.0 = Debug|x64
		{C0B51816-D9F1-4C61-8C9B-3D12389B791F}.Debug|x86.ActiveCfg = Debug|Win32
		{C0B51816-D9F1-4C61-8C9B-3D12389B791F}.Debug|x86.Build.0 = Debug|Win32
		{C0B51816-D9F1-4C61-8C9B-3D12389B791F}.Release|x64.ActiveCfg = Release|x64
		{C0B51816-D9F1-4C61-8C9B-3D12389B791F}.Release|x64.Build.0 = Release|x64
		{C0B51816-D9F1-4C61-8C9B-3D12389B791F}.Release|x86.ActiveCfg = Release|Win32
		{C0B51816-D9F1-4C61-8C9B-3D12389B791F}.Release|x86.Build.0 = Release|Win32
		{F8B4BD47-1220-45E3-AAA4-4D9790ED45E6}.Debug|x64.ActiveCfg = Debug|x64
		{F8B4BD47-1220-45E3-AAA4-4D9790ED45E6}.Debug|x64.Build.0 = Debug|x64
		{F8B4BD47-1220-45E3-AAA4-4D9790ED45E6}.Debug|x86.ActiveCfg = Debug|Win32
		{F8B4BD47-1220-45E3-AAA4-4D9790ED45E6}.Debug|x86.Build.0 = Debug|Win32
		{F8B4BD47-1220-45E3-AAA4-4D9790ED45E6}.Release|x64.ActiveCfg = Release|x64
		{F8B4BD47-1220-45E3-AAA4-4D9790ED45E6}.Release|x64.Build.0 = Release|x64
		{F8B4BD47-1220-45E3-AAA4-4D9790ED45E6}.Release|x86.ActiveCfg = Release|Win32
		{F8B4BD47-1220-45E3-AAA4-4D9790ED45E6}.Release|x86.Build.0 = Release|Win32
		{581C9CAB-1485-43E0-B064-946EBA19DE33}.Debug|x64.ActiveCfg = Debug|x64
		{581C9CAB-1485-43E0-B064-946EBA19DE33}.Debug|x64.Build.0 = Debug|x64
		{581C9CAB-1485-43E0-B064-946EBA19DE33}.Debug|x86.ActiveCfg = Debug|Win32
		{581C9CAB-1485-43E0-B064-946EBA19DE33}.Debug|x86.Build.0 = Debug|Win32
		{581C9CAB-1485-43E0-B064-946EBA19DE33}.Release|x64.ActiveCfg = Release|x64
		{581C9CAB-1485-43E0-B064-946EBA19DE33}.Release|x64.Build.0 = Release|x64
		{581C9CAB-1485-43E0-B064-946EBA19DE33}.Release|x86.ActiveCfg = Release|Win32
		{581C9CAB-1485-43E0-B064-946EBA19DE33}.Release|x86.Build.0 = Release|Win32
		{AB82F256-259D-4E75-ACE6-18205E5FEA31}.Debug|x64.ActiveCfg = Debug|x64
		{AB82F256-259D-4E75-ACE6-18205E5FEA31}.Debug|x64.Build.0 = Debug|x64
		{AB82F256-259D-4E75-ACE6-18205E5FEA31}.Debug|x86.ActiveCfg = Debug|Win32
		{AB82F256-259D-4E75-ACE6-18205E5FEA31}.Debug|x86.Build.0 = Debug|Win32
		{AB82F256-259D-4E75-ACE6-18205E5FEA31}.Release|x64.ActiveCfg = Release|x64
		{AB82F256-259D-4E75-ACE6-18205E5FEA31}.Release|x64.Build.0 = Release|x64
		{AB82F256-259D-4E75-ACE6-18205E5FEA31}.Release|x86.ActiveCfg = Release|Win32
		{AB82F256-259D-4E75-ACE6-18205E5FEA31}.Release|x86.Build.0 = Release|Win32
		{157D46FE-950A-4671-973F-8432F07219E2}.Debug|x64.ActiveCfg = Debug|x64
		{157D46FE-950A-4671-973F-8432F07219E2}.Debug|x64.Build.0 = Debug|x64
		{157D46FE-950A-4671-973F-8432F07219E2}.Debug|x86.ActiveCfg = Debug|Win32
		{157D46FE-950A-4671-973F-8432F07219E2}.Debug|x86.Build.0 = Debug|Win32
		{157D46FE-950A-4671-973F-8432F07219E2}.Release|x64.ActiveCfg = Release|x64
		{157D46FE-950A-4671-973F-8432F07219E2}.Release|x64.Build.0 = Release|x64
		{157D46FE-950A-4671-973F-8432F07219E2}.Release|x86.ActiveCfg = Release|Win32
		{157D46FE-950A-4671-973F-8432F07219E2}.Release|x86.Build.0 = Release|Win32
		{F657AF97-DB60-43ED-AAC7-9EE7174317F3}.Debug|x64.ActiveCfg = Debug|x64
		{F657AF97-DB60-43ED-AAC7-9EE7174317F3}.Debug|x64.Build.0 = Debug|x64
		{F657AF97-DB60-43ED-AAC7-9EE7174317F3}.Debug|x86.ActiveCfg = Debug|Win32
		{F657AF97-DB60-43ED-AAC7-9EE7174317F3}.Debug|x86.Build.0 = Debug|Win32
		{F657AF97-DB60-43ED-AAC7-9EE7174317F3}.Release|x64.ActiveCfg = Release|x64
		{F657AF97-DB60-43ED-AAC7-9EE7174317F3}.Release|x64.Build.0 = Release|x64
		{F657AF97-DB60-43ED-AAC7-9EE7174317F3}.Release|x86.ActiveCfg = Release|Win32
		{F657AF97-DB60-43ED-AAC7-9EE7174317F3}.Release|x86.Build.0 = Release|Win32
		{94DCB8DF-F505-4C93-A4C3-93F37403B6EF}.Debug|x64.ActiveCfg = Debug|x64
		{94DCB8DF-F505-4C93-A4C3-93F37403B6EF}.Debug|x64.Build.0 = Debug|x64
		{94DCB8DF-F505-4C93-A4C3-93F37403B6EF}.Debug|x86.ActiveCfg = Debug|Win32
		{94DCB8DF-F505-4C93-A4C3-93F37403B6EF}.Debug|x86.Build.0 = Debug|Win32
		{94DCB8DF-F505-4C93-A4C3-93F37403B6EF}.Release|x64.ActiveCfg = Release|x64
		{94DCB8DF-F505-4C93-A4C3-93F37403B6EF}.Release|x64.Build.0 = Release|x64
		{94DCB8DF-F505-4C93-A4C3-93F37403B6EF}.Release|x86.ActiveCfg = Release|Win32
		{94DCB8DF-F505-4C93-A4C3-93F37403B6EF}.Release|x86.Build.0 = Release|Win32
		{EE9EDE4D-D3CD-4A74-90D2-44B6E2E32DD5}.Debug|x64.ActiveCfg = Debug|x64
		{EE9EDE4D-D3CD-4A74-90D2-44B6E2E32DD5}.Debug|x64.Build.0 = Debug|x64
		{EE9EDE4D-D3CD-4A74-90D2-44B6E2E32DD5}.Debug|x86.ActiveCfg = Debug|Win32
		{EE9EDE4D-D3CD-4A74-90D2-44B6E2E32DD5}.Debug|x86.Build.0 = Debug|Win32
		{EE9EDE4D-D3CD-4A74-90D2-44B6E2E32DD5}.Release|x64.ActiveCfg = Release|x64
		{EE9EDE4D-D3CD-4A74-90D2-44B6E2E32DD5}.Release|x64.Build.0 = Release|x64
		{EE9EDE4D-D3CD-4A74-90D2-44B6E2E32DD5}.Release|x86.ActiveCfg = Release|Win32
		{EE9EDE4D-D3CD-4A74-90D2-44B6E2E32DD5}.Release|x86.Build.0 = Release|Win32
		{09EF2426-A1AE-4DA6-8F74-CBD6000EFF71}.Debug|x64.ActiveCfg = Debug|x64
		{09EF2426-A1AE-4DA6-8F74-CBD6000EFF71}.Debug|x64.Build.0 = Debug|x64
		{09EF2426-A1AE-4DA6-8F74-CBD6000EFF71}.Debug|x86.ActiveCfg = Debug|Win32
		{09EF2426-A1AE-4DA6-8F74-CBD6000EFF71}.Debug|x86.Build.0 = Debug|Win32
		{09EF2426-A1AE-4DA6-8F74-CBD6000EFF71}.Release|x64.ActiveCfg = Release|x64
		{09EF2426-A1AE-4DA6-8F74-CBD6000EFF71}.Release|x64.Build.0 = Release|x64
		{09EF2426-A1AE-4DA6-8F74-CBD6000EFF71}.Release|x86.ActiveCfg = Release|Win32
		{09EF2426-A1AE-4DA6-8F74-CBD6000EFF71}.Release|x86.Build.0 = Release|Win32
		{C236439B-AAB8-4A27-BCC0-4C14180ED83C}.Debug|x64.ActiveCfg = Debug|x64
		{C236439B-AAB8-4A27-BCC0-4C14180ED83C}.Debug|x64.Build.0 = Debug|x64
		{C236439B-AAB8-4A27-BCC0-4C14180ED83C}.Debug|x86.ActiveCfg = Debug|Win32
		{C236439B-AAB8-4A27-BCC0-4C14180ED83C}.Debug|x86.Build.0 = Debug|Win32
		{C236439B-AAB8-4A27-BCC0-4C14180ED83C}.Release|x64.ActiveCfg = Release|x64
		{C236439B-AAB8-4A27-BCC0-4C14180ED83C}.Release|x64.Build.0 = Release|x64
		{C236439B-AAB8-4A27-BCC0-4C14180ED83C}.Release|x86.ActiveCfg = Release|Win32
		{C236439B-AAB8-4A27-BCC0-4C14180ED83C}.Release|x86.Build.0 = Release|Win32
		{1BFB906D-FAD5-400B-ACCB-B8C62B84E202}.Debug|x64.ActiveCfg = Debug|x64
		{1BFB906D-FAD5-400B-ACCB-B8C62B84E202}.Debug|x64.Build.0 = Debug|x64
		{1BFB906D-FAD5-400B-ACCB-B8C62B84E202}.Debug|x86.ActiveCfg = Debug|Win32
		{1BFB906D-FAD5-400B-ACCB-B8C62B84E202}.Debug|x86.Build.0 = Debug|Win32
		{1BFB906D-FAD5-400B-ACCB-B8C62B84E202}.Release|x64.ActiveCfg = Release|x64
		{1BFB906D-FAD5-400B-ACCB-B8C62B84E202}.Release|x64.Build.0 = Release|x64
		{1BFB906D-FAD5-400B-ACCB-B8C62B84E202}.Release|x86.ActiveCfg = Release|Win32
		{1BFB906D-FAD5-400B-ACCB-B8C62B84E202}.Release|x86.Build.0 = Release|Win32
		{2F462F1F-257A-4069-8B93-1BC0A89A6DAD}.Debug|x64.ActiveCfg = Debug|x64
		{2F462F1F-257A-4069-8B93-1BC0A89A6DAD}.Debug|x64.Build.0 = Debug|x64
		{2F462F1F-257A-4069-8B93-1BC0A89A6DAD}.Debug|x86.ActiveCfg = Debug|Win32
		{2F462F1F-257A-4069-8B93-1BC0A89A6DAD}.Debug|x86.Build.0 = Debug|Win32
		{2F462F1F-257A-4069-8B93-1BC0A89A6DAD}.Release|x64.ActiveCfg = Release|x64
		{2F462F1F-257A-4069-8B93-1BC0A89A6DAD}.Release|x64.Build.0 = Release|x64
		{2F462F1F-257A-4069-8B93-1BC0A89A6DAD}.Release|x86.ActiveCfg = Release|Win32
		{2F462F1F-257A-4069-8B93-1BC0A89A6DAD}.Release|x86.Build.0 = Release|Win32
		{F7EA0457-62DA-4CD8-BD07-66C8A48DBEBA}.Debug|x64.ActiveCfg = Debug|x64
		{F7EA0457-62DA-4CD8-BD07-66C8A48DBEBA}.Debug|x64.Build.0 = Debug|x64
		{F7EA0457-62DA-4CD8-BD07-66C8A48DBEBA}.Debug|x86.ActiveCfg = Debug|Win32
		{F7EA0457-62DA-4CD8-BD07-66C8A48DBEBA}.Debug|x86.Build.0 = Debug|Win32
		{F7EA0457-62DA-4CD8-BD07-66C8A48DBEBA}.Release|x64.ActiveCfg = Release|x64
		{F7EA0457-62DA-4CD8-BD07-66C8A48DBEBA}.Release|x64.Build.0 = Release|x64
		{F7EA0457-62DA-4CD8-BD07-66C8A48DBEBA}.Release|x86.ActiveCfg = Release|Win32
		{F7EA0457-62DA-4CD8-BD07-66C8A48DBEBA}.Release|x86.Build.0 = Release|Win32
		{D1B0ADBA-C8C5-4A5E-8326-028C96AA9157}.Debug|x64.ActiveCfg = Debug|x64
		{D1B0ADBA-C8C5-4A5E-8326-028C96AA9157}.Debug|x64.Build.0 = Debug|x64
		{D1B0ADBA-C8C5-4A5E-8326-028C96AA9157}.Debug|x86.ActiveCfg = Debug|Win32
		{D1B0ADBA-C8C5-4A5E-8326-028C96AA9157}.Debug|x86.Build.0 = Debug|Win32
		{D1B0ADBA-C8C5-4A5E-8326-028C96AA9157}.Release|x64.ActiveCfg = Release|x64
		{D1B0ADBA-C8C5-4A5E-8326-028C96AA9157}.Release|x64.Build.0 = Release|x64
		{D1B0ADBA-C8C5-4A5E-8326-028C96AA9157}.Release|x86.ActiveCfg = Release|Win32
		{D1B0ADBA-C8C5-4A5E-8326-028C96AA9157}.Release|x86.Build.0 = Release|Win32
		{51FCB22E-D6B3-44F0-9FC3-EAA98D5C4D8D}.Debug|x64.ActiveCfg = Debug|x64
		{51FCB22E-D6B3-44F0-9FC3-EAA98D5C4D8D}.Debug|x64.Build.0 = Debug|x64
		{51FCB22E-D6B3-44F0-9FC3-EAA98D5C4D8D}.Debug|x86.ActiveCfg = Debug|Win32
		{51FCB22E-D6B3-44F0-9FC3-EAA98D5C4D8D}.Debug|x86.Build.0 = Debug|Win32
		{51FCB22E-D6B3-44F0-9FC3-EAA98D5C4D8D}.Release|x64.ActiveCfg = Release|x64
		{51FCB22E-D6B3-44F0-9FC3-EAA98D5C4D8D}.Release|x64.Build.0 = Release|x64
		{51FCB22E-D6B3-44F0-9FC3-EAA98D5C4D8D}.Release|x86.ActiveCfg = Release|Win32
		{51FCB22E-D6B3-44F0-9FC3-EAA98D5C4D8D}.Release|x86.Build.0 = Release|Win32
		{2CEA6F18-CB9D-4308-ACE2-48A23EBFB2A1}.Debug|x64.ActiveCfg = Debug|x64
		{2CEA6F18-CB9D-4308-ACE2-48A23EBFB2A1}.Debug|x64.Build.0 = Debug|x64
		{2CEA6F18-CB9D-4308-ACE2-48A23EBFB2A1}.Debug|x86.ActiveCfg = Debug|Win32
		{2CEA6F18-CB9D-4308-ACE2-48A23EBFB2A1}.Debug|x86.Build.0 = Debug|Win32
		{2CEA6F18-CB9D-4308-ACE2-48A23EBFB2A1}.Release|x64.ActiveCfg = Release|x64
		{2CEA6F18-CB9D-4308-ACE2-48A23EBFB2A1}.Release|x64.Build.0 = Release|x64
		{2CEA6F18-CB9D-4308-ACE2-48A23EBFB2A1}.Release|x86.ActiveCfg = Release|Win32
		{2CEA6F18-CB9D-4308-ACE2-48A23EBFB2A1}.Release|x86.Build.0 = Release|Win32
		{94BF711B-E115-4739-BED6-E3D1189CCC41}.Debug|x64.ActiveCfg = Debug|x64
		{94BF711B-E115-4739-BED6-E3D1189CCC41}.Debug|x64.Build.0 = Debug|x64
		{94BF711B-E115-4739-BED6-E3D1189CCC41}.Debug|x86.ActiveCfg = Debug|Win32
		{94BF711B-E115-4739-BED6-E3D1189CCC41}.Debug|x86.Build.0 = Debug|Win32
		{94BF711B-E115-4739-BED6-E3D1189CCC41}.Release|x64.ActiveCfg = Release|x64
		{94BF711B-E115-4739-BED6-E3D1189CCC41}.Release|x64.Build.0 = Release|x64
		{94BF711B-E115-4739-BED6-E3D1189CCC41}.Release|x86.ActiveCfg = Release|Win32
		{94BF711B-E115-4739-BED6-E3D1189CCC41}.Release|x86.Build.0 = Release|Win32
		{2763B3E0-E078-45D0-AF30-FD6BC9AE4573}.Debug|x64.ActiveCfg = Debug|x64
		{2763B3E0-E078-45D0-AF30-FD6BC9AE4573}.Debug|x64.Build.0 = Debug|x64
		{2763B3E0-E078-45D0-AF30-FD6BC9AE4573}.Debug|x86.ActiveCfg = Debug|Win32
		{2763B3E0-E078-45D0-AF30-FD6BC9AE4573}.Debug|x86.Build.0 = Debug|Win32
		{2763B3E0-E078-45D0-AF30-FD6BC9AE4573}.Release|x64.ActiveCfg = Release|x64
		{2763B3E0-E078-45D0-AF30-FD6BC9AE4573}.Release|x64.Build.0 = Release|x64
		{2763B3E0-E078-45D0-AF30-FD6BC9AE4573}.Release|x86.ActiveCfg = Release|Win32
		{2763B3E0-E078-45D0-AF30-FD6BC9AE4573}.Release|x86.Build.0 = Release|Win32
		{76E9014C-08C0-4037-A99B-4296E404CC4C}.Debug|x64.ActiveCfg = Debug|x64
		{76E9014C-08C0-4037-A99B-4296E404CC4C}.Debug|x64.Build.0 = Debug|x64
		{76E9014C-08C0-4037-A99B-4296E404CC4C}.Debug|x86.ActiveCfg = Debug|Win32
		{76E9014C-08C0-4037-A99B-4296E404CC4C}.Debug|x86.Build.0 = Debug|Win32
		{76E9014C-08C0-4037-A99B-4296E404CC4C}.Release|x64.ActiveCfg = Release|x64
		{76E9014C-08C0-4037-A99B-4296E404CC4C}.Release|x64.Build.0 = Release|x64
		{76E9014C-08C0-4037-A99B-4296E404CC4C}.Release|x86.ActiveCfg = Release|Win32
		{76E9014C-08C0-4037-A99B-4296E404CC4C}.Release|x86.Build.0 = Release|Win32
		{B45451A6-D389-479E-9176-6D9B1D920B67}.Debug|x64.ActiveCfg = Debug|x64
		{B45451A6-D389-479E-9176-6D9B1D920B67}.Debug|x64.Build.0 = Debug|x64
		{B45451A6-D389-479E-9176-6D9B1D920B67}.Debug|x86.ActiveCfg = Debug|Win32
		{B45451A6-D389-479E-9176-6D9B1D920B67}.Debug|x86.Build.0 = Debug|Win32
		{B45451A6-D389-479E-9176-6D9B1D920B67}.Release|x64.ActiveCfg = Release|x64
		{B45451A6-D389-479E-9176-6D9B1D920B67}.Release|x64.Build.0 = Release|x64
		{B45451A6-D389-479E-9176-6D9B1D920B67}.Release|x86.ActiveCfg = Release|Win32
		{B45451A6-D389-479E-9176-6D9B1D920B67}.Release|x86.Build.0 = Release|Win32
		{C3BE1039-6289-479F-AA97-4B7779793FBD}.Debug|x64.ActiveCfg = Debug|x64
		{C3BE1039-6289-479F-AA97-4B7779793FBD}.Debug|x64.Build.0 = Debug|x64
		{C3BE1039-6289-479F-AA97-4B7779793FBD}.Debug|x86.ActiveCfg = Debug|Win32
		{C3BE1039-6289-479F-AA97-4B7779793FBD}.Debug|x86.Build.0 = Debug|Win32
		{C3BE1039-6289-479F-AA97-4B7779793FBD}.Release|x64.ActiveCfg = Release|x64
		{C3BE1039-6289-479F-AA97-4B7779793FBD}.Release|x64.Build.0 = Release|x64
		{C3BE1039-6289-479F-AA97-4B7779793FBD}.Release|x86.ActiveCfg = Release|Win32
		{C3BE1039-6289-479F-AA97-4B7779793FBD}.Release|x86.Build.0 = Release|Win32
		{DEEC3FE2-383F-4E86-93CF-30C661716038}.Debug|x64.ActiveCfg = Debug|x64
		{DEEC3FE2-383F-4E86-93CF-30C661716038}.Debug|x64.Build.0 = Debug|x64
		{DEEC3FE2-383F-4E86-93CF-30C661716038}.Debug|x86.ActiveCfg = Debug|Win32
		{DEEC3FE2-383F-4E86-93CF-30C661716038}.Debug|x86.Build.0 = Debug|Win32
		{DEEC3FE2-383F-4E86-93CF-30C661716038}.Release|x64.ActiveCfg = Release|x64
		{DEEC3FE2-383F-4E86-93CF-30C661716038}.Release|x64.Build.0 = Release|x64
		{DEEC3FE2-383F-4E86-93CF-30C661716038}.Release|x86.ActiveCfg = Release|Win32
		{DEEC3FE2-383F-4E86-93CF-30C661716038}.Release|x86.Build.0 = Release|Win32
		{590E383C-F8CD-4C55-A98A-184BDBC3924E}.Debug|x64.ActiveCfg = Debug|x64
		{590E383C-F8CD-4C55-A98A-184BDBC3924E}.Debug|x64.Build.0 = Debug|x64
		{590E383C-F8CD-4C55-A98A-184BDBC3924E}.Debug|x86.ActiveCfg = Debug|Win32
		{590E383C-F8CD-4C55-A98A-184BDBC3924E}.Debug|x86.Build.0 = Debug|Win32
		{590E383C-F8CD-4C55-A98A-184BDBC3924E}.Release|x64.ActiveCfg = Release|x64
		{590E383C-F8CD-4C55-A98A-184BDBC3924E}.Release|x64.Build.0 = Release|x64
		{590E383C-F8CD-4C55-A98A-184BDBC3924E}.Release|x86.ActiveCfg = Release|Win32
		{590E383C-F8CD-4C55-A98A-184BDBC3924E}.Release|x86.Build.0 = Release|Win32
		{89C61A34-881B-4C04-9F22-BA4DCF23563A}.Debug|x64.ActiveCfg = Debug|x64
		{89C61A34-881B-4C04-9F22-BA4DCF23563A}.Debug|x64.Build.0 = Debug|x64
		{89C61A34-881B-4C04-9F22-BA4DCF23563A}.Debug|x86.ActiveCfg = Debug|Win32
		{89C61A34-881B-4C04-9F22-BA4DCF23563A}.Debug|x86.Build.0 = Debug|Win32
		{89C61A34-881B-4C04-9F22-BA4DCF23563A}.Release|x64.ActiveCfg = Release|x64
		{89C61A34-881B-4C04-9F22-BA4DCF23563A}.Release|x64.Build.0 = Release|x64
		{89C61A34-881B-4C04-9F22-BA4DCF23563A}.Release|x86.ActiveCfg = Release|Win32
		{89C61A34-881B-4C04-9F22-BA4DCF23563A}.Release|x86.Build.0 = Release|Win32
		{53CA42C9-C5FE-41BF-AF1B-68B13E49C2D0}.Debug|x64.ActiveCfg = Debug|x64
		{53CA42C9-C5FE-41BF-AF1B-68B13E49C2D0}.Debug|x64.Build.0 = Debug|x64
		{53CA42C9-C5FE-41BF-AF1B-68B13E49C2D0}.Debug|x86.ActiveCfg = Debug|Win32
		{53CA42C9-C5FE-41BF-AF1B-68B13E49C2D0}.Debug|x86.Build.0 = Debug|Win32
		{53CA42C9-C5FE-41BF-AF1B-68B13E49C2D0}.Release|x64.ActiveCfg = Release|x64
		{53CA42C9-C5FE-41BF-AF1B-68B13E49C2D0}.Release|x64.Build.0 = Release|x64
		{53CA42C9-C5FE-41BF-AF1B-68B13E49C2D0}.Release|x86.ActiveCfg = Release|Win32
		{53CA42C9-C5FE-41BF-AF1B-68B13E49C2D0}.Release|x86.Build.0 = Release|Win32
		{D4B2191B-BFBC-4ACA-9D5A-252765522B0F}.Debug|x64.ActiveCfg = Debug|x64
		{D4B2191B-BFBC-4ACA-9D5A-252765522B0F}.Debug|x64.Build.0 = Debug|x64
		{D4B2191B-BFBC-4ACA-9D5A-252765522B0F}.Debug|x86.ActiveCfg = Debug|Win32
		{D4B2191B-BFBC-4ACA-9D5A-252765522B0F}.Debug|x86.Build.0 = Debug|Win32
		{D4B2191B-BFBC-4ACA-9D5A-252765522B0F}.Release|x64.ActiveCfg = Release|x64
		{D4B2191B-BFBC-4ACA-9D5A-252765522B0F}.Release|x64.Build.0 = Release|x64
		{D4B2191B-BFBC-4ACA-9D5A-252765522B0F}.Release|x86.ActiveCfg = Release|Win32
		{D4B2191B-BFBC-4ACA-9D5A-252765522B0F}.Release|x86.Build.0 = Release|Win32
		{23BDB6E7-00A0-41F6-B03A-BAA9327C1385}.Debug|x64.ActiveCfg = Debug|x64
		{23BDB6E7-00A0-41F6-B03A-BAA9327C1385}.Debug|x64.Build.0 = Debug|x64
		{23BDB6E7-00A0-41F6-B03A-BAA9327C1385}.Debug|x86.ActiveCfg = Debug|Win32
		{23BDB6E7-00A0-41F6-B03A-BAA9327C1385}.Debug|x86.Build.0 = Debug|Win32
		{23BDB6E7-00A0-41F6-B03A-BAA9327C1385}.Release|x64.ActiveCfg = Release|x64
		{23BDB6E7-00A0-41F6-B03A-BAA9327C1385}.Release|x64.Build.0 = Release|x64
		{23BDB6E7-00A0-41F6-B03A-BAA9327C1385}.Release|x86.ActiveCfg = Release|Win32
		{23BDB6E7-00A0-41F6-B03A-BAA9327C1385}.Release|x86.Build.0 = Release|Win32
		{0EA3DD43-C2AF-49EC-9E05-DE8AD718896D}.Debug|x64.ActiveCfg = Debug|x64
		{0EA3DD43-C2AF-49EC-9E05-DE8AD718896D}.Debug|x64.Build.0 = Debug|x64
		{0EA3DD43-C2AF-49EC-9E05-DE8AD718896D}.Debug|x86.ActiveCfg = Debug|Win32
		{0EA3DD43-C2AF-49EC-9E05-DE8AD718896D}.Debug|x86.Build.0 = Debug|Win32
		{0EA3DD43-C2AF-49EC-9E05-DE8AD718896D}.Release|x64.ActiveCfg = Release|x64
		{0EA3DD43-C2AF-49EC-9E05-DE8AD718896D}.Release|x64.Build.0 = Release|x64
		{0EA3DD43-C2AF-49EC-9E05-DE8AD718896D}.Release|x86.ActiveCfg = Release|Win32
		{0EA3DD43-C2AF-49EC-9E05-DE8AD718896D}.Release|x86.Build.0 = Release|Win32
		{1DB52A7E-2FF0-4D13-A820-8FE874F1566E}.Debug|x64.ActiveCfg = Debug|x64
		{1DB52A7E-2FF0-4D13-A820-8FE874F1566E}.Debug|x64.Build.0 = Debug|x64
		{1DB52A7E-2FF0-4D13-A820-8FE874F1566E}.Debug|x86.ActiveCfg = Debug|Win32
		{1DB52A7E-2FF0-4D13-A820-8FE874F1566E}.Debug|x86.Build.0 = Debug|Win32
		{1DB52A7E-2FF0-4D13-A820-8FE874F1566E}.Release|x64.ActiveCfg = Release|x64
		{1DB52A7E-2FF0-4D13-A820-8FE874F1566E}.Release|x64.Build.0 = Release|x64
		{1DB52A7E-2FF0-4D13-A820-8FE874F1566E}.Release|x86.ActiveCfg = Release|Win32
		{1DB52A7E-2FF0-4D13-A820-8FE874F1566E}.Release|x86.Build.0 = Release|Win32
		{73B8EC9C-2A35-46F4-83EC-1F633669C3A9}.Debug|x64.ActiveCfg = Debug|x64
		{73B8EC9C-2A35-46F4-83EC-1F633669C3A9}.Debug|x64.Build.0 = Debug|x64
		{73B8EC9C-2A35-46F4-83EC-1F633669C3A9}.Debug|x86.ActiveCfg = Debug|Win32
		{73B8EC9C-2A35-46F4-83EC-1F633669C3A9}.Debug|x86.Build.0 = Debug|Win32
		{73B8EC9C-2A35-46F4-83EC-1F633669C3A9}.Release|x64.ActiveCfg = Release|x64
		{73B8EC9C-2A35-46F4-83EC-1F633669C3A9}.Release|x64.Build.0 = Release|x64
		{73B8EC9C-2A35-46F4-83EC-1F633669C3A9}.Release|x86.ActiveCfg = Release|Win32
		{73B8EC9C-2A35-46F4-83EC-1F633669C3A9}.Release|x86.Build.0 = Release|Win32
		{58701B94-8B13-4924-ACA9-6306AF673436}.Debug|x64.ActiveCfg = Debug|x64
		{58701B94-8B13-4924-ACA9-6306AF673436}.Debug|x64.Build.0 = Debug|x64
		{58701B94-8B13-4924-ACA9-6306AF673436}.Debug|x86.ActiveCfg = Debug|Win32
		{58701B94-8B13-4924-ACA9-6306AF673436}.Debug|x86.Build.0 = Debug|Win32
		{58701B94-8B13-4924-ACA9-6306AF673436}.Release|x64.ActiveCfg = Release|x64
		{58701B94-8B13-4924-ACA9-6306AF673436}.Release|x64.Build.0 = Release|x64
		{58701B94-8B13-4924-ACA9-6306AF673436}.Release|x86.ActiveCfg = Release|Win32
		{58701B94-8B13-4924-ACA9-6306AF673436}.Release|x86.Build.0 = Release|Win32
		{518E9CDF-E3A5-40A7-B2C8-6D5D43A029EE}.Debug|x64.ActiveCfg = Debug|x64
		{518E9CDF-E3A5-40A7-B2C8-6D5D43A029EE}.Debug|x64.Build.0 = Debug|x64
		{518E9CDF-E3A5-40A7-B2C8-6D5D43A029EE}.Debug|x86.ActiveCfg = Debug|Win32
		{518E9CDF-E3A5-40A7-B2C8-6D5D43A029EE}.Debug|x86.Build.0 = Debug|Win32
		{518E9CDF-E3A5-40A7-B2C8-6D5D43A029EE}.Release|x64.ActiveCfg = Release|x64
		{518E9CDF-E3A5-40A7-B2C8-6D5D43A029EE}.Release|x64.Build.0 = Release|x64
		{518E9CDF-E3A5-40A7-B2C8-6D5D43A029EE}.Release|x86.ActiveCfg = Release|Win32
		{518E9CDF-E3A5-40A7-B2C8-6D5D43A029EE}.Release|x86.Build.0 = Release|Win32
		{2E305AA7-6618-49E1-A4FD-8FC188376062}.Debug|x64.ActiveCfg = Debug|x64
		{2E305AA7-6618-49E1-A4FD-8FC188376062}.Debug|x64.Build.0 = Debug|x64
		{2E305AA7-6618-49E1-A4FD-8FC188376062}.Debug|x86.ActiveCfg = Debug|Win32
		{2E305AA7-6618-49E1-A4FD-8FC188376062}.Debug|x86.Build.0 = Debug|Win32
		{2E305AA7-6618-49E1-A4FD-8FC188376062}.Release|x64.ActiveCfg = Release|x64
		{2E305AA7-6618-49E1-A4FD-8FC188376062}.Release|x64.Build.0 = Release|x64
		{2E305AA7-6618-49E1-A4FD-8FC188376062}.Release|x86.ActiveCfg = Release|Win32
		{2E305AA7-6618-49E1-A4FD-8FC188376062}.Release|x86.Build.0 = Release|Win32
		{0C9A05C5-7367-4BFE-AA8B-B52EF3D57E39}.Debug|x64.ActiveCfg = Debug|x64
		{0C9A05C5-7367-4BFE-AA8B-B52EF3D57E39}.Debug|x64.Build.0 = Debug|x64
		{0C9A05C5-7367-4BFE-AA8B-B52EF3D57E39}.Debug|x86.ActiveCfg = Debug|Win32
		{0C9A05C5-7367-4BFE-AA8B-B52EF3D57E39}.Debug|x86.Build.0 = Debug|Win32
		{0C9A05C5-7367-4BFE-AA8B-B52EF3D57E39}.Release|x64.ActiveCfg = Release|x64
		{0C9A05C5-7367-4BFE-AA8B-B52EF3D57E39}.Release|x64.Build.0 = Release|x64
		{0C9A05C5-7367-4BFE-AA8B-B52EF3D57E39}.Release|x86.ActiveCfg = Release|Win32
		{0C9A05C5-7367-4BFE-AA8B-B52EF3D57E39}.Release|x86.Build.0 = Release|Win32
		{E6DAED0D-CAC9-4BD4-ABDC-CCA41B876AEF}.Debug|x64.ActiveCfg = Debug|x64
		{E6DAED0D-CAC9-4BD4-ABDC-CCA41B876AEF}.Debug|x64.Build.0 = Debug|x64
		{E6DAED0D-CAC9-4BD4-ABDC-CCA41B876AEF}.Debug|x86.ActiveCfg = Debug|Win32
		{E6DAED0D-CAC9-4BD4-ABDC-CCA41B876AEF}.Debug|x86.Build.0 = Debug|Win32
		{E6DAED0D-CAC9-4BD4-ABDC-CCA41B876AEF}.Release|x64.ActiveCfg = Release|x64
		{E6DAED0D-CAC9-4BD4-ABDC-CCA41B876AEF}.Release|x64.Build.0 = Release|x64
		{E6DAED0D-CAC9-4BD4-ABDC-CCA41B876AEF}.Release|x86.ActiveCfg = Release|Win32
		{E6DAED0D-CAC9-4BD4-ABDC-CCA41B876AEF}.Release|x86.Build.0 = Release|Win32
		{70974AA3-AEA4-4052-998E-5DFC3D0769F4}.Debug|x64.ActiveCfg = Debug|x64
		{70974AA3-AEA4-4052-998E-5DFC3D0769F4}.Debug|x64.Build.0 = Debug|x64
		{70974AA3-AEA4-4052-998E-5DFC3D0769F4}.Debug|x86.ActiveCfg = Debug|Win32
		{70974AA3-AEA4-4052-998E-5DFC3D0769F4}.Debug|x86.Build.0 = Debug|Win32
		{70974AA3-AEA4-4052-998E-5DFC3D0769F4}.Release|x64.ActiveCfg = Release|x64
		{70974AA3-AEA4-4052-998E-5DFC3D0769F4}.Release|x64.Build.0 = Release|x64
		{70974AA3-AEA4-4052-998E-5DFC3D0769F4}.Release|x86.ActiveCfg = Release|Win32
		{70974AA3-AEA4-4052-998E-5DFC3D0769F4}.Release|x86.Build.0 = Release|Win32
		{52FFF817-5FAC-4715-BB82-C3F8830997AB}.Debug|x64.ActiveCfg = Debug|x64
		{52FFF817-5FAC-4715-BB82-C3F8830997AB}.Debug|x64.Build.0 = Debug|x64
		{52FFF817-5FAC-4715-BB82-C3F8830997AB}.Debug|x86.ActiveCfg = Debug|Win32
		{52FFF817-5FAC-4715-BB82-C3F8830997AB}.Debug|x86.Build.0 = Debug|Win32
		{52FFF817-5FAC-4715-BB82-C3F8830997AB}.Release|x64.ActiveCfg = Release|x64
		{52FFF817-5FAC-4715-BB82-C3F8830997AB}.Release|x64.Build.0 = Release|x64
		{52FFF817-5FAC-4715-BB82-C3F8830997AB}.Release|x86.ActiveCfg = Release|Win32
		{52FFF817-5FAC-4715-BB82-C3F8830997AB}.Release|x86.Build.0 = Release|Win32
		{30D7A5C5-D791-4EE3-ACC6-6A911ADB00D2}.Debug|x64.ActiveCfg = Debug|x64
		{30D7A5C5-D791-4EE3-ACC6-6A911ADB00D2}.Debug|x64.Build.0 = Debug|x64
		{30D7A5C5-D791-4EE3-ACC6-6A911ADB00D2}.Debug|x86.ActiveCfg = Debug|Win32
		{30D7A5C5-D791-4EE3-ACC6-6A911ADB00D2}.Debug|x86.Build.0 = Debug|Win32
		{30D7A5C5-D791-4EE3-ACC6-6A911ADB00D2}.Release|x64.ActiveCfg = Release|x64
		{30D7A5C5-D791-4EE3-ACC6-6A911ADB00D2}.Release|x64.Build.0 = Release|x64
		{30D7A5C5-D791-4EE3-ACC6-6A911ADB00D2}.Release|x86.ActiveCfg = Release|Win32
		{30D7A5C5-D791-4EE3-ACC6-6A911ADB00D2}.Release|x86.Build.0 = Release|Win32
		{8012342E-2614-4D58-BE26-AFBFBD04D5FB}.Debug|x64.ActiveCfg = Debug|x64
		{8012342E-2614-4D58-BE26-AFBFBD04D5FB}.Debug|x64.Build.0 = Debug|x64
		{8012342E-2614-4D58-BE26-AFBFBD04D5FB}.Debug|x86.ActiveCfg = Debug|Win32
		{8012342E-2614-4D58-BE26-AFBFBD04D5FB}.Debug|x86.Build.0 = Debug|Win32
		{8012342E-2614-4D58-BE26-AFBFBD04D5FB}.Release|x64.ActiveCfg = Release|x64
		{8012342E-2614-4D58-BE26-AFBFBD04D5FB}.Release|x64.Build.0 = Release|x64
		{8012342E-2614-4D58-BE26-AFBFBD04D5FB}.Release|x86.ActiveCfg = Release|Win32
		{8012342E-2614-4D58-BE26-AFBFBD04D5FB}.Release|x86.Build.0 = Release|Win32
		{C15A6DD9-38B4-41FF-A01E-3E27575F8E53}.Debug|x64.ActiveCfg = Debug|x64
		{C15A6DD9-38B4-41FF-A01E-3E27575F8E53}.Debug|x64.Build.0 = Debug|x64
		{C15A6DD9-38B4-41FF-A01E-3E27575F8E53}.Debug|x86.ActiveCfg = Debug|Win32
		{C15A6DD9-38B4-41FF-A01E-3E27575F8E53}.Debug|x86.Build.0 = Debug|Win32
		{C15A6DD9-38B4-41FF-A01E-3E27575F8E53}.Release|x64.ActiveCfg = Release|x64
		{C15A6DD9-38B4-41FF-A01E-3E27575F8E53}.Release|x64.Build.0 = Release|x64
		{C15A6DD9-38B4-41FF-A01E-3E27575F8E53}.Release|x86.ActiveCfg = Release|Win32
		{C15A6DD9-38B4-41FF-A01E-3E27575F8E53}.Release|x86.Build.0 = Release|Win32
		{D7182256-4813-4066-852E-F965F2C2B1A1}.Debug|x64.ActiveCfg = Debug|x64
		{D7182256-4813-4066-852E-F965F2C2B1A1}.Debug|x64.Build.0 = Debug|x64
		{D7182256-4813-4066-852E-F965F2C2B1A1}.Debug|x86.ActiveCfg = Debug|Win32
		{D7182256-4813-4066-852E-F965F2C2B1A1}.Debug|x86.Build.0 = Debug|Win32
		{D7182256-4813-4066-852E-F965F2C2B1A1}.Release|x64.ActiveCfg = Release|x64
		{D7182256-4813-4066-852E-F965F2C2B1A1}.Release|x64.Build.0 = Release|x64
		{D7182256-4813-4066-852E-F965F2C2B1A1}.Release|x86.ActiveCfg = Release|Win32
		{D7182256-4813-4066-852E-F965F2C2B1A1}.Release|x86.Build.0 = Release|Win32
		{54EF3328-64C4-4C30-98F1-07496BBC5CDD}.Debug|x64.ActiveCfg = Debug|x64
		{54EF3328-64C4-4C30-98F1-07496BBC5CDD}.Debug|x64.Build.0 = Debug|x64
		{54EF3328-64C4-4C30-98F1-07496BBC5CDD}.Debug|x86.ActiveCfg = Debug|Win32
		{54EF3328-64C4-4C30-98F1-07496BBC5CDD}.Debug|x86.Build.0 = Debug|Win32
		{54EF3328-64C4-4C30-98F1-07496BBC5CDD}.Release|x64.ActiveCfg = Release|x64
		{54EF3328-64C4-4C30-98F1-07496BBC5CDD}.Release|x64.Build.0 = Release|x64
		{54EF3328-64C4-4C30-98F1-07496BBC5CDD}.Release|x86.ActiveCfg = Release|Win32
		{54EF3328-64C4-4C30-98F1-07496BBC5CDD}.Release|x86.Build.0 = Release|Win32
		{E2987D60-CFAF-4926-A3A9-3FCA2A487453}.Debug|x64.ActiveCfg = Debug|x64
		{E2987D60-CFAF-4926-A3A9-3FCA2A487453}.Debug|x64.Build.0 = Debug|x64
		{E2987D60-CFAF-4926-A3A9-3FCA2A487453}.Debug|x86.ActiveCfg = Debug|Win32
		{E2987D60-CFAF-4926-A3A9-3FCA2A487453}.Debug|x86.Build.0 = Debug|Win32
		{E2987D60-CFAF-4926-A3A9-3FCA2A487453}.Release|x64.ActiveCfg = Release|x64
		{E2987D60-CFAF-4926-A3A9-3FCA2A487453}.Release|x64.Build.0 = Release|x64
		{E2987D60-CFAF-4926-A3A9-3FCA2A487453}.Release|x86.ActiveCfg = Release|Win32
		{E2987D60-CFAF-4926-A3A9-3FCA2A487453}.Release|x86.Build.0 = Release|Win32
		{118D30BB-30DF-4F6A-9952-7B2B1E19D29C}.Debug|x64.ActiveCfg = Debug|x64
		{118D30BB-30DF-4F6A-9952-7B2B1E19D29C}.Debug|x64.Build.0 = Debug|x64
		{118D30BB-30DF-4F6A-9952-7B2B1E19D29C}.Debug|x86.ActiveCfg = Debug|Win32
		{118D30BB-30DF-4F6A-9952-7B2B1E19D29C}.Debug|x86.Build.0 = Debug|Win32
		{118D30BB-30DF-4F6A-9952-7B2B1E19D29C}.Release|x64.ActiveCfg = Release|x64
		{118D30BB-30DF-4F6A-9952-7B2B1E19D29C}.Release|x64.Build.0 = Release|x64
		{118D30BB-30DF-4F6A-9952-7B2B1E19D29C}.Release|x86.ActiveCfg = Release|Win32
		{118D30BB-30DF-4F6A-9952-7B2B1E19D29C}.Release|x86.Build.0 = Release|Win32
		{19C4ABA5-05B1-47A6-B8D5-BB942750ED48}.Debug|x64.ActiveCfg = Debug|x64
		{19C4ABA5-05B1-47A6-B8D5-BB942750ED48}.Debug|x64.Build.0 = Debug|x64
		{19C4ABA5-05B1-47A6-B8D5-BB942750ED48}.Debug|x86.ActiveCfg = Debug|Win32
		{19C4ABA5-05B1-47A6-B8D5-BB942750ED48}.Debug|x86.Build.0 = Debug|Win32
		{19C4ABA5-05B1-47A6-B8D5-BB942750ED48}.Release|x64.ActiveCfg = Release|x64
		{19C4ABA5-05B1-47A6-B8D5-BB942750ED48}.Release|x64.Build.0 = Release|x64
		{19C4ABA5-05B1-47A6-B8D5-BB942750ED48}.Release|x86.ActiveCfg = Release|Win32
		{19C4ABA5-05B1-47A6-B8D5-BB942750ED48}.Release|x86.Build.0 = Release|Win32
		{802AA522-F58F-4AFD-A722-5EDF69CAD3AF}.Debug|x64.ActiveCfg = Debug|x64
		{802AA522-F58F-4AFD-A722-5EDF69CAD3AF}.Debug|x64.Build.0 = Debug|x64
		{802AA522-F58F-4AFD-A722-5EDF69CAD3AF}.Debug|x86.ActiveCfg = Debug|Win32
		{802AA522-F58F-4AFD-A722-5EDF69CAD3AF}.Debug|x86.Build.0 = Debug|Win32
		{802AA522-F58F-4AFD-A722-5EDF69CAD3AF}.Release|x64.ActiveCfg = Release|x64
		{802AA522-F58F-4AFD-A722-5EDF69CAD3AF}.Release|x64.Build.0 = Release|x64
		{802AA522-F58F-4AFD-A722-5EDF69CAD3AF}.Release|x86.ActiveCfg = Release|Win32
		{802AA522-F58F-4AFD-A722-5EDF69CAD3AF}.Release|x86.Build.0 = Release|Win32
		{98B6363A-5CAE-4589-A67F-E7174865A60A}.Debug|x64.ActiveCfg = Debug|x64
		{98B6363A-5CAE-4589-A67F-E7174865A60A}.Debug|x64.Build.0 = Debug|x64
		{98B6363A-5CAE-4589-A67F-E7174865A60A}.Debug|x86.ActiveCfg = Debug|Win32
		{98B6363A-5CAE-4589-A67F-E7174865A60A}.Debug|x86.Build.0 = Debug|Win32
		{98B6363A-5CAE-4589-A67F-E7174865A60A}.Release|x64.ActiveCfg = Release|x64
		{98B6363A-5CAE-4589-A67F-E7174865A60A}.Release|x64.Build.0 = Release|x64
		{98B6363A-5CAE-4589-A67F-E7174865A60A}.Release|x86.ActiveCfg = Release|Win32
		{98B6363A-5CAE-4589-A67F-E7174865A60A}.Release|x86.Build.0 = Release|Win32
		{38D50315-D1D0-4340-AE24-AAB26FEBB733}.Debug|x64.ActiveCfg = Debug|x64
		{38D50315-D1D0-4340-AE24-AAB26FEBB733}.Debug|x64.Build.0 = Debug|x64
		{38D50315-D1D0-4340-AE24-AAB26FEBB733}.Debug|x86.ActiveCfg = Debug|Win32
		{38D50315-D1D0-4340-AE24-AAB26FEBB733}.Debug|x86.Build.0 = Debug|Win32
		{38D50315-D1D0-4340-AE24-AAB26FEBB733}.Release|x64.ActiveCfg = Release|x64
		{38D50315-D1D0-4340-AE24-AAB26FEBB733}.Release|x64.Build.0 = Release|x64
		{38D50315-D1D0-4340-AE24-AAB26FEBB733}.Release|x86.ActiveCfg = Release|Win32
		{38D50315-D1D0-4340-AE24-AAB26FEBB733}.Release|x86.Build.0 = Release|Win32
		{3AE0B3CB-07A8-4D12-A97F-B6155EC31356}.Debug|x64.ActiveCfg = Debug|x64
		{3AE0B3CB-07A8-4D12-A97F-B6155EC31356}.Debug|x64.Build.0 = Debug|x64
		{3AE0B3CB-07A8-4D12-A97F-B6155EC31356}.Debug|x86.ActiveCfg = Debug|Win32
		{3AE0B3CB-07A8-4D12-A97F-B6155EC31356}.Debug|x86.Build.0 = Debug|Win32
		{3AE0B3CB-07A8-4D12-A97F-B6155EC31356}.Release|x64.ActiveCfg = Release|x64
		{3AE0B3CB-07A8-4D12-A97F-B6155EC31356}.Release|x64.Build.0 = Release|x64
		{3AE0B3CB-07A8-4D12-A97F-B6155EC31356}.Release|x86.ActiveCfg = Release|Win32
		{3AE0B3CB-07A8-4D12-A97F-B6155EC31356}.Release|x86.Build.0 = Release|Win32
		{851F9A35-E6BF-4EA7-A9B8-7BCD70E276B7}.Debug|x64.ActiveCfg = Debug|x64
		{851F9A35-E6BF-4EA7-A9B8-7BCD70E276B7}.Debug|x64.Build.0 = Debug|x64
		{851F9A35-E6BF-4EA7-A9B8-7BCD70E276B7}.Debug|x86.ActiveCfg = Debug|Win32
		{851F9A35-E6BF-4EA7-A9B8-7BCD70E276B7}.Debug|x86.Build.0 = Debug|Win32
		{851F9A35-E6BF-4EA7-A9B8-7BCD70E276B7}.Release|x64.ActiveCfg = Release|x64
		{851F9A35-E6BF-4EA7-A9B8-7BCD70E276B7}.Release|x64.Build.0 = Release|x64
		{851F9A35-E6BF-4EA7-A9B8-7BCD70E276B7}.Release|x86.ActiveCfg = Release|Win32
		{851F9A35-E6BF-4EA7-A9B8-7BCD70E276B7}.Release|x86.Build.0 = Release|Win32
		{46876657-2E6B-4783-8FC7-7667AD42A78C}.Debug|x64.ActiveCfg = Debug|x64
		{46876657-2E6B-4783-8FC7-7667AD42A78C}.Debug|x64.Build.0 = Debug|x64
		{46876657-2E6B-4783-8FC7-7667AD42A78C}.Debug|x86.ActiveCfg = Debug|Win32
		{46876657-2E6B-4783-8FC7-7667AD42A78C}.Debug|x86.Build.0 = Debug|Win32
		{46876657-2E6B-4783-8FC7-7667AD42A78C}.Release|x64.ActiveCfg = Release|x64
		{46876657-2E6B-4783-8FC7-7667AD42A78C}.Release|x64.Build.0 = Release|x64
		{46876657-2E6B-4783-8FC7-7667AD42A78C}.Release|x86.ActiveCfg = Release|Win32
		{46876657-2E6B-4783-8FC7-7667AD42A78C}.Release|x86.Build.0 = Release|Win32
		{A665159B-0537-41C4-B687-A8A87198BB25}.Debug|x64.ActiveCfg = Debug|x64
		{A665159B-0537-41C4-B687-A8A87198BB25}.Debug|x64.Build.0 = Debug|x64
		{A665159B-0537-41C4-B687-A8A87198BB25}.Debug|x86.ActiveCfg = Debug|Win32
		{A665159B-0537-41C4-B687-A8A87198BB25}.Debug|x86.Build.0 = Debug|Win32
		{A665159B-0537-41C4-B687-A8A87198BB25}.Release|x64.ActiveCfg = Release|x64
		{A665159B-0537-41C4-B687-A8A87198BB25}.Release|x64.Build.0 = Release|x64
		{A665159B-0537-41C4-B687-A8A87198BB25}.Release|x86.ActiveCfg = Release|Win32
		{A665159B-0537-41C4-B687-A8A87198BB25}.Release|x86.Build.0 = Release|Win32
		{9B97BBF7-E3CE-43E9-8AB6-50163E5AD88F}.Debug|x64.ActiveCfg = Debug|x64
		{9B97BBF7-E3CE-43E9-8AB6-50163E5AD88F}.Debug|x64.Build.0 = Debug|x64
		{9B97BBF7-E3CE-43E9-8AB6-50163E5AD88F}.Debug|x86.ActiveCfg = Debug|Win32
		{9B97BBF7-E3CE-43E9-8AB6-50163E5AD88F}.Debug|x86.Build.0 = Debug|Win32
		{9B97BBF7-E3CE-43E9-8AB6-50163E5AD88F}.Release|x64.ActiveCfg = Release|x64
		{9B97BBF7-E3CE-43E9-8AB6-50163E5AD88F}.Release|x64.Build.0 = Release|x64
		{9B97BBF7-E3CE-43E9-8AB6-50163E5AD88F}.Release|x86.ActiveCfg = Release|Win32
		{9B97BBF7-E3CE-43E9-8AB6-50163E5AD88F}.Release|x86.Build.0 = Release|Win32
		{749A7BD1-2369-4A8A-B29A-AF4B2E373D0C}.Debug|x64.ActiveCfg = Debug|x64
		{749A7BD1-2369-4A8A-B29A-AF4B2E373D0C}.Debug|x64.Build.0 = Debug|x64
		{749A7BD1-2369-4A8A-B29A-AF4B2E373D0C}.Debug|x86.ActiveCfg = Debug|Win32
		{749A7BD1-2369-4A8A-B29A-AF4B2E373D0C}.Debug|x86.Build.0 = Debug|Win32
		{749A7BD1-2369-4A8A-B29A-AF4B2E373D0C}.Release|x64.ActiveCfg = Release|x64
		{749A7BD1-2369-4A8A-B29A-AF4B2E373D0C}.Release|x64.Build.0 = Release|x64
		{749A7BD1-2369-4A8A-B29A-AF4B2E373D0C}.Release|x86.ActiveCfg = Release|Win32
		{749A7BD1-2369-4A8A-B29A-AF4B2E373D0C}.Release|x86.Build.0 = Release|Win32
		{C1849808-A283-4238-BE29-A9215D36E58A}.Debug|x64.ActiveCfg = Debug|x64
		{C1849808-A283-4238-BE29-A9215D36E58A}.Debug|x64.Build.0 = Debug|x64
		{C1849808-A283-4238-BE29-A9215D36E58A}.Debug|x86.ActiveCfg = Debug|Win32
		{C1849808-A283-4238-BE29-A9215D36E58A}.Debug|x86.Build.0 = Debug|Win32
		{C1849808-A283-4238-BE29-A9215D36E58A}.Release|x64.ActiveCfg = Release|x64
		{C1849808-A283-4238-BE29-A9215D36E58A}.Release|x64.Build.0 = Release|x64
		{C1849808-A283-4238-BE29-A9215D36E58A}.Release|x86.ActiveCfg = Release|Win32
		{C1849808-A283-4238-BE29-A9215D36E58A}.Release|x86.Build.0 = Release|Win32
		{A7F84B9F-8FBE-4162-806D-79471712A043}.Debug|x64.ActiveCfg = Debug|x64
		{A7F84B9F-8FBE-4162-806D-79471712A043}.Debug|x64.Build.0 = Debug|x64
		{A7F84B9F-8FBE-4162-806D-79471712A043}.Debug|x86.ActiveCfg = Debug|Win32
		{A7F84B9F-8FBE-4162-806D-79471712A043}.Debug|x86.Build.0 = Debug|Win32
		{A7F84B9F-8FBE-4162-806D-79471712A043}.Release|x64.ActiveCfg = Release|x64
		{A7F84B9F-8FBE-4162-806D-79471712A043}.Release|x64.Build.0 = Release|x64
		{A7F84B9F-8FBE-4162-806D-79471712A043}.Release|x86.ActiveCfg = Release|Win32
		{A7F84B9F-8FBE-4162-806D-79471712A043}.Release|x86.Build.0 = Release|Win32
		{305C8DC1-DBCE-4FF4-8BBA-62AD04F942A3}.Debug|x64.ActiveCfg = Debug|x64
		{305C8DC1-DBCE-4FF4-8BBA-62AD04F942A3}.Debug|x64.Build.0 = Debug|x64
		{305C8DC1-DBCE-4FF4-8BBA-62AD04F942A3}.Debug|x86.ActiveCfg = Debug|Win32
		{305C8DC1-DBCE-4FF4-8BBA-62AD04F942A3}.Debug|x86.Build.0 = Debug|Win32
		{305C8DC1-DBCE-4FF4-8BBA-62AD04F942A3}.Release|x64.ActiveCfg = Release|x64
		{305C8DC1-DBCE-4FF4-8BBA-62AD04F942A3}.Release|x64.Build.0 = Release|x64
		{305C8DC1-DBCE-4FF4-8BBA-62AD04F942A3}.Release|x86.ActiveCfg = Release|Win32
		{305C8DC1-DBCE-4FF4-8BBA-62AD04F942A3}.Release|x86.Build.0 = Release|Win32
		{3DD79B12-1FFF-4261-88D9-74746342313D}.Debug|x64.ActiveCfg = Debug|x64
		{3DD79B12-1FFF-4261-88D9-74746342313D}.Debug|x64.Build.0 = Debug|x64
		{3DD79B12-1FFF-4261-88D9-74746342313D}.Debug|x86.ActiveCfg = Debug|Win32
		{3DD79B12-1FFF-4261-88D9-74746342313D}.Debug|x86.Build.0 = Debug|Win32
		{3DD79B12-1FFF-4261-88D9-74746342313D}.Release|x64.ActiveCfg = Release|x64
		{3DD79B12-1FFF-4261-88D9-74746342313D}.Release|x64.Build.0 = Release|x64
		{3DD79B12-1FFF-4261-88D9-74746342313D}.Release|x86.ActiveCfg = Release|Win32
		{3DD79B12-1FFF-4261-88D9-74746342313D}.Release|x86.Build.0 = Release|Win32
		{9BD77C2A-AABE-4277-91A0-B0DF1FD73D9C}.Debug|x64.ActiveCfg = Debug|x64
		{9BD77C2A-AABE-4277-91A0-B0DF1FD73D9C}.Debug|x64.Build.0 = Debug|x64
		{9BD77C2A-AABE-4277-91A0-B0DF1FD73D9C}.Debug|x86.ActiveCfg = Debug|Win32
		{9BD77C2A-AABE-4277-91A0-B0DF1FD73D9C}.Debug|x86.Build.0 = Debug|Win32
		{9BD77C2A-AABE-4277-91A0-B0DF1FD73D9C}.Release|x64.ActiveCfg = Release|x64
		{9BD77C2A-AABE-4277-91A0-B0DF1FD73D9C}.Release|x64.Build.0 = Release|x64
		{9BD77C2A-AABE-4277-91A0-B0DF1FD73D9C}.Release|x86.ActiveCfg = Release|Win32
		{9BD77C2A-AABE-4277-91A0-B0DF1FD73D9C}.Release|x86.Build.0 = Release|Win32
		{D11891A2-2075-40DB-9ECD-20D4638384ED}.Debug|x64.ActiveCfg = Debug|x64
		{D11891A2-2075-40DB-9ECD-20D4638384ED}.Debug|x64.Build.0 = Debug|x64
		{D11891A2-2075-40DB-9ECD-20D4638384ED}.Debug|x86.ActiveCfg = Debug|Win32
		{D11891A2-2075-40DB-9ECD-20D4638384ED}.Debug|x86.Build.0 = Debug|Win32
		{D11891A2-2075-40DB-9ECD-20D4638384ED}.Release|x64.ActiveCfg = Release|x64
		{D11891A2-2075-40DB-9ECD-20D4638384ED}.Release|x64.Build.0 = Release|x64
		{D11891A2-2075-40DB-9ECD-20D4638384ED}.Release|x86.ActiveCfg = Release|Win32
		{D11891A2-2075-40DB-9ECD-20D4638384ED}.Release|x86.Build.0 = Release|Win32
		{C3A7E72C-640B-4DA3-ADA5-42977DAC0148}.Debug|x64.ActiveCfg = Debug|x64
		{C3A7E72C-640B-4DA3-ADA5-42977DAC0148}.Debug|x64.Build.0 = Debug|x64
		{C3A7E72C-640B-4DA3-ADA5-42977DAC0148}.Debug|x86.ActiveCfg = Debug|Win32
		{C3A7E72C-640B-4DA3-ADA5-42977DAC0148}.Debug|x86.Build.0 = Debug|Win32
		{C3A7E72C-640B-4DA3-ADA5-42977DAC0148}.Release|x64.ActiveCfg = Release|x64
		{C3A7E72C-640B-4DA3-ADA5-42977DAC0148}.Release|x64.Build.0 = Release|x64
		{C3A7E72C-640B-4DA3-ADA5-42977DAC0148}.Release|x86.ActiveCfg = Release|Win32
		{C3A7E72C-640B-4DA3-ADA5-42977DAC0148}.Release|x86.Build.0 = Release|Win32
		{59340245-CB9D-4607-BFF5-25EFB787054C}.Debug|x64.ActiveCfg = Debug|x64
		{59340245-CB9D-4607-BFF5-25EFB787054C}.Debug|x64.Build.0 = Debug|x64
		{59340245-CB9D-4607-BFF5-25EFB787054C}.Debug|x86.ActiveCfg = Debug|Win32
		{59340245-CB9D-4607-BFF5-25EFB787054C}.Debug|x86.Build.0 = Debug|Win32
		{59340245-CB9D-4607-BFF5-25EFB787054C}.Release|x64.ActiveCfg = Release|x64
		{59340245-CB9D-4607-BFF5-25EFB787054C}.Release|x64.Build.0 = Release|x64
		{59340245-CB9D-4607-BFF5-25EFB787054C}.Release|x86.ActiveCfg = Release|Win32
		{59340245-CB9D-4607-BFF5-25EFB787054C}.Release|x86.Build.0 = Release|Win32
		{44B443D5-746E-4D8F-B5D2-9D5C0D8D7102}.Debug|x64.ActiveCfg = Debug|x64
		{44B443D5-746E-4D8F-B5D2-9D5C0D8D7102}.Debug|x64.Build.0 = Debug|x64
		{44B443D5-746E-4D8F-B5D2-9D5C0D8D7102}.Debug|x86.ActiveCfg = Debug|Win32
		{44B443D5-746E-4D8F-B5D2-9D5C0D8D7102}.Debug|x86.Build.0 = Debug|Win32
		{44B443D5-746E-4D8F-B5D2-9D5C0D8D7102}.Release|x64.ActiveCfg = Release|x64
		{44B443D5-746E-4D8F-B5D2-9D5C0D8D7102}.Release|x64.Build.0 = Release|x64
		{44B443D5-746E-4D8F-B5D2-9D5C0D8D7102}.Release|x86.ActiveCfg = Release|Win32
		{44B443D5-746E-4D8F-B5D2-9D5C0D8D7102}.Release|x86.Build.0 = Release|Win32
		{08207354-DB8B-497F-974F-6F8FE44EAB70}.Debug|x64.ActiveCfg = Debug|x64
		{08207354-DB8B-497F-974F-6F8FE44EAB70}.Debug|x64.Build.0 = Debug|x64
		{08207354-DB8B-497F-974F-6F8FE44EAB70}.Debug|x86.ActiveCfg = Debug|Win32
		{08207354-DB8B-497F-974F-6F8FE44EAB70}.Debug|x86.Build.0 = Debug|Win32
		{08207354-DB8B-497F-974F-6F8FE44EAB70}.Release|x64.ActiveCfg = Release|x64
		{08207354-DB8B-497F-974F-6F8FE44EAB70}.Release|x64.Build.0 = Release|x64
		{08207354-DB8B-497F-974F-6F8FE44EAB70}.Release|x86.ActiveCfg = Release|Win32
		{08207354-DB8B-497F-974F-6F8FE44EAB70}.Release|x86.Build.0 = Release|Win32
		{CA5A135A-9D6C-4170-AF8D-C359C187E9E2}.Debug|x64.ActiveCfg = Debug|x64
		{CA5A135A-9D6C-4170-AF8D-C359C187E9E2}.Debug|x64.Build.0 = Debug|x64
		{CA5A135A-9D6C-4170-AF8D-C359C187E9E2}.Debug|x86.ActiveCfg = Debug|Win32
		{CA5A135A-9D6C-4170-AF8D-C359C187E9E2}.Debug|x86.Build.0 = Debug|Win32
		{CA5A135A-9D6C-4170-AF8D-C359C187E9E2}.Release|x64.ActiveCfg = Release|x64
		{CA5A135A-9D6C-4170-AF8D-C359C187E9E2}.Release|x64.Build.0 = Release|x64
		{CA5A135A-9D6C-4170-AF8D-C359C187E9E2}.Release|x86.ActiveCfg = Release|Win32
		{CA5A135A-9D6C-4170-AF8D-C359C187E9E2}.Release|x86.Build.0 = Release|Win32
		{A6D549C6-4604-48B5-B220-C9B0790EEA1F}.Debug|x64.ActiveCfg = Debug|x64
		{A6D549C6-4604-48B5-B220-C9B0790EEA1F}.Debug|x64.Build.0 = Debug|x64
		{A6D549C6-4604-48B5-B220-C9B0790EEA1F}.Debug|x86.ActiveCfg = Debug|Win32
		{A6D549C6-4604-48B5-B220-C9B0790EEA1F}.Debug|x86.Build.0 = Debug|Win32
		{A6D549C6-4604-48B5-B220-C9B0790EEA1F}.Release|x64.ActiveCfg = Release|x64
		{A6D549C6-4604-48B5-B220-C9B0790EEA1F}.Release|x64.Build.0 = Release|x64
		{A6D549C6-4604-48B5-B220-C9B0790EEA1F}.Release|x86.ActiveCfg = Release|Win32
		{A6D549C6-4604-48B5-B220-C9B0790EEA1F}.Release|x86.Build.0 = Release|Win32
		{244457DC-ED93-48D2-AAC0-F85E92B1D5E3}.Debug|x64.ActiveCfg = Debug|x64
		{244457DC-ED93-48D2-AAC0-F85E92B1D5E3}.Debug|x64.Build.0 = Debug|x64
		{244457DC-ED93-48D2-AAC0-F85E92B1D5E3}.Debug|x86.ActiveCfg = Debug|Win32
		{244457DC-ED93-48D2-AAC0-F85E92B1D5E3}.Debug|x86.Build.0 = Debug|Win32
		{244457DC-ED93-48D2-AAC0-F85E92B1D5E3}.Release|x64.ActiveCfg = Release|x64
		{244457DC-ED93-48D2-AAC0-F85E92B1D5E3}.Release|x64.Build.0 = Release|x64
		{244457DC-ED93-48D2-AAC0-F85E92B1D5E3}.Release|x86.ActiveCfg = Release|Win32
		{244457DC-ED93-48D2-AAC0-F85E92B1D5E3}.Release|x86.Build.0 = Release|Win32
		{3E44A4EB-1AE4-4B4F-800A-293072F21911}.Debug|x64.ActiveCfg = Debug|x64
		{3E44A4EB-1AE4-4B4F-800A-293072F21911}.Debug|x64.Build.0 = Debug|x64
		{3E44A4EB-1AE4-4B4F-800A-293072F21911}.Debug|x86.ActiveCfg = Debug|Win32
		{3E44A4EB-1AE4-4B4F-800A-293072F21911}.Debug|x86.Build.0 = Debug|Win32
		{3E44A4EB-1AE4-4B4F-800A-293072F21911}.Release|x64.ActiveCfg = Release|x64
		{3E44A4EB-1AE4-4B4F-800A-293072F21911}.Release|x64.Build.0 = Release|x64
		{3E44A4EB-1AE4-4B4F-800A-293072F21911}.Release|x86.ActiveCfg = Release|Win32
		{3E44A4EB-1AE4-4B4F-800A-293072F21911}.Release|x86.Build.0 = Release|Win32
		{546739B2-D28B-45CA-8F54-EDE7D690221D}.Debug|x64.ActiveCfg = Debug|x64
		{546739B2-D28B-45CA-8F54-EDE7D690221D}.Debug|x64.Build.0 = Debug|x64
		{546739B2-D28B-45CA-8F54-EDE7D690221D}.Debug|x86.ActiveCfg = Debug|Win32
		{546739B2-D28B-45CA-8F54-EDE7D690221D}.Debug|x86.Build.0 = Debug|Win32
		{546739B2-D28B-45CA-8F54-EDE7D690221D}.Release|x64.ActiveCfg = Release|x64
		{546739B2-D28B-45CA-8F54-EDE7D690221D}.Release|x64.Build.0 = Release|x64
		{546739B2-D28B-45CA-8F54-EDE7D690221D}.Release|x86.ActiveCfg = Release|Win32
		{546739B2-D28B-45CA-8F54-EDE7D690221D}.Release|x86.Build.0 = Release|Win32
		{F45EF0FF-2145-4E49-9DBF-3B962EA1A3BA}.Debug|x64.ActiveCfg = Debug|x64
		{F45EF0FF-2145-4E49-9DBF-3B962EA1A3BA}.Debug|x64.Build.0 = Debug|x64
		{F45EF0FF-2145-4E49-9DBF-3B962EA1A3BA}.Debug|x86.ActiveCfg = Debug|Win32
		{F45EF0FF-2145-4E49-9DBF-3B962EA1A3BA}.Debug|x86.Build.0 = Debug|Win32
		{F45EF0FF-2145-4E49-9DBF-3B962EA1A3BA}.Release|x64.ActiveCfg = Release|x64
		{F45EF0FF-2145-4E49-9DBF-3B962EA1A3BA}.Release|x64.Build.0 = Release|x64
		{F45EF0FF-2145-4E49-9DBF-3B962EA1A3BA}.Release|x86.ActiveCfg = Release|Win32
		{F45EF0FF-2145-4E49-9DBF-3B962EA1A3BA}.Release|x86.Build.0 = Release|Win32
		{0CA2D611-19C9-4674-A330-7683B9C0E9BC}.Debug|x64.ActiveCfg = Debug|x64
		{0CA2D611-19C9-4674-A330-7683B9C0E9BC}.Debug|x64.Build.0 = Debug|x64
		{0CA2D611-19C9-4674-A330-7683B9C0E9BC}.Debug|x86.ActiveCfg = Debug|Win32
		{0CA2D611-19C9-4674-A330-7683B9C0E9BC}.Debug|x86.Build.0 = Debug|Win32
		{0CA2D611-19C9-4674-A330-7683B9C0E9BC}.Release|x64.ActiveCfg = Release|x64
		{0CA2D611-19C9-4674-A330-7683B9C0E9BC}.Release|x64.Build.0 = Release|x64
		{0CA2D611-19C9-4674-A330-7683B9C0E9BC}.Release|x86.ActiveCfg = Release|Win32
		{0CA2D611-19C9-4674-A330-7683B9C0E9BC}.Release|x86.Build.0 = Release|Win32
		{A7C66C60-A539-459C-BB2F-A35CA21F2BA7}.Debug|x64.ActiveCfg = Debug|x64
		{A7C66C60-A539-459C-BB2F-A35CA21F2BA7}.Debug|x64.Build.0 = Debug|x64
		{A7C66C60-A539-459C-BB2F-A35CA21F2BA7}.Debug|x86.ActiveCfg = Debug|Win32
		{A7C66C60-A539-459C-BB2F-A35CA21F2BA7}.Debug|x86.Build.0 = Debug|Win32
		{A7C66C60-A539-459C-BB2F-A35CA21F2BA7}.Release|x64.ActiveCfg = Release|x64
		{A7C66C60-A539-459C-BB2F-A35CA21F2BA7}.Release|x64.Build.0 = Release|x64
		{A7C66C60-A539-459C-BB2F-A35CA21F2BA7}.Release|x86.ActiveCfg = Release|Win32
		{A7C66C60-A539-459C-BB2F-A35CA21F2BA7}.Release|x86.Build.0 = Release|Win32
		{0E2CDB0D-8ABE-459C-94EB-AA4739446523}.Debug|x64.ActiveCfg = Debug|x64
		{0E2CDB0D-8ABE-459C-94EB-AA4739446523}.Debug|x64.Build.0 = Debug|x64
		{0E2CDB0D-8ABE-459C-94EB-AA4739446523}.Debug|x86.ActiveCfg = Debug|Win32
		{0E2CDB0D-8ABE-459C-94EB-AA4739446523}.Debug|x86.Build.0 = Debug|Win32
		{0E2CDB0D-8ABE-459C-94EB-AA4739446523}.Release|x64.ActiveCfg = Release|x64
		{0E2CDB0D-8ABE-459C-94EB-AA4739446523}.Release|x64.Build.0 = Release|x64
		{0E2CDB0D-8ABE-459C-94EB-AA4739446523}.Release|x86.ActiveCfg = Release|Win32
		{0E2CDB0D-8ABE-459C-94EB-AA4739446523}.Release|x86.Build.0 = Release|Win32
		{B59CCA39-8487-4B54-B611-E4BD739830F7}.Debug|x64.ActiveCfg = Debug|x64
		{B59CCA39-8487-4B54-B611-E4BD739830F7}.Debug|x64.Build.0 = Debug|x64
		{B59CCA39-8487-4B54-B611-E4BD739830F7}.Debug|x86.ActiveCfg = Debug|Win32
		{B59CCA39-8487-4B54-B611-E4BD739830F7}.Debug|x86.Build.0 = Debug|Win32
		{B59CCA39-8487-4B54-B611-E4BD739830F7}.Release|x64.ActiveCfg = Release|x64
		{B59CCA39-8487-4B54-B611-E4BD739830F7}.Release|x64.Build.0 = Release|x64
		{B59CCA39-8487-4B54-B611-E4BD739830F7}.Release|x86.ActiveCfg = Release|Win32
		{B59CCA39-8487-4B54-B611-E4BD739830F7}.Release|x86.Build.0 = Release|Win32
		{4F752E09-11BC-46F4-8A4F-8388E4BCE0E6}.Debug|x64.ActiveCfg = Debug|x64
		{4F752E09-11BC-46F4-8A4F-8388E4BCE0E6}.Debug|x64.Build.0 = Debug|x64
		{4F752E09-11BC-46F4-8A4F-8388E4BCE0E6}.Debug|x86.ActiveCfg = Debug|Win32
		{4F752E09-11BC-46F4-8A4F-8388E4BCE0E6}.Debug|x86.Build.0 = Debug|Win32
		{4F752E09-11BC-46F4-8A4F-8388E4BCE0E6}.Release|x64.ActiveCfg = Release|x64
		{4F752E09-11BC-46F4-8A4F-8388E4BCE0E6}.Release|x64.Build.0 = Release|x64
		{4F752E09-11BC-46F4-8A4F-8388E4BCE0E6}.Release|x86.ActiveCfg = Release|Win32
		{4F752E09-11BC-46F4-8A4F-8388E4BCE0E6}.Release|x86.Build.0 = Release|Win32
		{53EBBFF3-D798-4ABF-9089-96312DCD4339}.Debug|x64.ActiveCfg = Debug|x64
		{53EBBFF3-D798-4ABF-9089-96312DCD4339}.Debug|x64.Build.0 = Debug|x64
		{53EBBFF3-D798-4ABF-9089-96312DCD4339}.Debug|x86.ActiveCfg = Debug|Win32
		{53EBBFF3-D798-4ABF-9089-96312DCD4339}.Debug|x86.Build.0 = Debug|Win32
		{53EBBFF3-D798-4ABF-9089-96312DCD4339}.Release|x64.ActiveCfg = Release|x64
		{53EBBFF3-D798-4ABF-9089-96312DCD4339}.Release|x64.Build.0 = Release|x64
		{53EBBFF3-D798-4ABF-9089-96312DCD4339}.Release|x86.ActiveCfg = Release|Win32
		{53EBBFF3-D798-4ABF-9089-96312DCD4339}.Release|x86.Build.0 = Release|Win32
		{E110EF2E-7FE5-4FDF-961B-FE27BF0E2C08}.Debug|x64.ActiveCfg = Debug|x64
		{E110EF2E-7FE5-4FDF-961B-FE27BF0E2C08}.Debug|x64.Build.0 = Debug|x64
		{E110EF2E-7FE5-4FDF-961B-FE27BF0E2C08}.Debug|x86.ActiveCfg = Debug|Win32
		{E110EF2E-7FE5-4FDF-961B-FE27BF0E2C08}.Debug|x86.Build.0 = Debug|Win32
		{E110EF2E-7FE5-4FDF-961B-FE27BF0E2C08}.Release|x64.ActiveCfg = Release|x64
		{E110EF2E-7FE5-4FDF-961B-FE27BF0E2C08}.Release|x64.Build.0 = Release|x64
		{E110EF2E-7FE5-4FDF-961B-FE27BF0E2C08}.Release|x86.ActiveCfg = Release|Win32
		{E110EF2E-7FE5-4FDF-961B-FE27BF0E2C08}.Release|x86.Build.0 = Release|Win32
		{C0D53EB1-A414-4D85-AFA7-1D521A228140}.Debug|x64.ActiveCfg = Debug|x64
		{C0D53EB1-A414-4D85-AFA7-1D521A228140}.Debug|x64.Build.0 = Debug|x64
		{C0D53EB1-A414-4D85-AFA7-1D521A228140}.Debug|x86.ActiveCfg = Debug|Win32
		{C0D53EB1-A414-4D85-AFA7-1D521A228140}.Debug|x86.Build.0 = Debug|Win32
		{C0D53EB1-A414-4D85-AFA7-1D521A228140}.Release|x64.ActiveCfg = Release|x64
		{C0D53EB1-A414-4D85-AFA7-1D521A228140}.Release|x64.Build.0 = Release|x64
		{C0D53EB1-A414-4D85-AFA7-1D521A228140}.Release|x86.ActiveCfg = Release|Win32
		{C0D53EB1-A414-4D85-AFA7-1D521A228140}.Release|x86.Build.0 = Release|Win32
		{32AEA261-2584-4A05-A314-70AE954DB527}.Debug|x64.ActiveCfg = Debug|x64
		{32AEA261-2584-4A05-A314-70AE954DB527}.Debug|x64.Build.0 = Debug|x64
		{32AEA261-2584-4A05-A314-70AE954DB527}.Debug|x86.ActiveCfg = Debug|Win32
		{32AEA261-2584-4A05-A314-70AE954DB527}.Debug|x86.Build.0 = Debug|Win32
		{32AEA261-2584-4A05-A314-70AE954DB527}.Release|x64.ActiveCfg = Release|x64
		{32AEA261-2584-4A05-A314-70AE954DB527}.Release|x64.Build.0 = Release|x64
		{32AEA261-2584-4A05-A314-70AE954DB527}.Release|x86.ActiveCfg = Release|Win32
		{32AEA261-2584-4A05-A314-70AE954DB527}.Release|x86.Build.0 = Release|Win32
		{DBE806FF-D502-4B78-AC38-3A49CD92871F}.Debug|x64.ActiveCfg = Debug|x64
		{DBE806FF-D502-4B78-AC38-3A49CD92871F}.Debug|x64.Build.0 = Debug|x64
		{DBE806FF-D502-4B78-AC38-3A49CD92871F}.Debug|x86.ActiveCfg = Debug|Win32
		{DBE806FF-D502-4B78-AC38-3A49CD92871F}.Debug|x86.Build.0 = Debug|Win32
		{DBE806FF-D502-4B78-AC38-3A49CD92871F}.Release|x64.ActiveCfg = Release|x64
		{DBE806FF-D502-4B78-AC38-3A49CD92871F}.Release|x64.Build.0 = Release|x64
		{DBE806FF-D502-4B78-AC38-3A49CD92871F}.Release|x86.ActiveCfg = Release|Win32
		{DBE806FF-D502-4B78-AC38-3A49CD92871F}.Release|x86.Build.0 = Release|Win32
		{EEA98949-390E-4ED1-9F31-C80A34347BAB}.Debug|x64.ActiveCfg = Debug|x64
		{EEA98949-390E-4ED1-9F31-C80A34347BAB}.Debug|x64.Build.0 = Debug|x64
		{EEA98949-390E-4ED1-9F31-C80A34347BAB}.Debug|x86.ActiveCfg = Debug|Win32
		{EEA98949-390E-4ED1-9F31-C80A34347BAB}.Debug|x86.Build.0 = Debug|Win32
		{EEA98949-390E-4ED1-9F31-C80A34347BAB}.Release|x64.ActiveCfg = Release|x64
		{EEA98949-390E-4ED1-9F31-C80A34347BAB}.Release|x64.Build.0 = Release|x64
		{EEA98949-390E-4ED1-9F31-C80A34347BAB}.Release|x86.ActiveCfg = Release|Win32
		{EEA98949-390E-4ED1-9F31-C80A34347BAB}.Release|x86.Build.0 = Release|Win32
		{7C3BE98A-1FEE-416F-8749-8A99E1922316}.Debug|x64.ActiveCfg = Debug|x64
		{7C3BE98A-1FEE-416F-8749-8A99E1922316}.Debug|x64.Build.0 = Debug|x64
		{7C3BE98A-1FEE-416F-8749-8A99E1922316}.Debug|x86.ActiveCfg = Debug|Win32
		{7C3BE98A-1FEE-416F-8749-8A99E1922316}.Debug|x86.Build.0 = Debug|Win32
		{7C3BE98A-1FEE-416F-8749-8A99E1922316}.Release|x64.ActiveCfg = Release|x64
		{7C3BE98A-1FEE-416F-8749-8A99E1922316}.Release|x64.Build.0 = Release|x64
		{7C3BE98A-1FEE-416F-8749-8A99E1922316}.Release|x86.ActiveCfg = Release|Win32
		{7C3BE98A-1FEE-416F-8749-8A99E1922316}.Release|x86.Build.0 = Release|Win32
		{C064E98F-DDD4-4824-8A0A-A29EBAFDF1FA}.Debug|x64.ActiveCfg = Debug|x64
		{C064E98F-DDD4-4824-8A0A-A29EBAFDF1FA}.Debug|x64.Build.0 = Debug|x64
		{C064E98F-DDD4-4824-8A0A-A29EBAFDF1FA}.Debug|x86.ActiveCfg = Debug|Win32
		{C064E98F-DDD4-4824-8A0A-A29EBAFDF1FA}.Debug|x86.Build.0 = Debug|Win32
		{C064E98F-DDD4-4824-8A0A-A29EBAFDF1FA}.Release|x64.ActiveCfg = Release|x64
		{C064E98F-DDD4-4824-8A0A-A29EBAFDF1FA}.Release|x64.Build.0 = Release|x64
		{C064E98F-DDD4-4824-8A0A-A29EBAFDF1FA}.Release|x86.ActiveCfg = Release|Win32
		{C064E98F-DDD4-4824-8A0A-A29EBAFDF1FA}.Release|x86.Build.0 = Release|Win32
		{6F21B0E7-D154-4B76-830C-9ABC5D1533B2}.Debug|x64.ActiveCfg = Debug|x64
		{6F21B0E7-D154-4B76-830C-9ABC5D1533B2}.Debug|x64.Build.0 = Debug|x64
		{6F21B0E7-D154-4B76-830C-9ABC5D1533B2}.Debug|x86.ActiveCfg = Debug|Win32
		{6F21B0E7-D154-4B76-830C-9ABC5D1533B2}.Debug|x86.Build.0 = Debug|Win32
		{6F21B0E7-D154-4B76-830C-9ABC5D1533B2}.Release|x64.ActiveCfg = Release|x64
		{6F21B0E7-D154-4B76-830C-9ABC5D1533B2}.Release|x64.Build.0 = Release|x64
		{6F21B0E7-D154-4B76-830C-9ABC5D1533B2}.Release|x86.ActiveCfg = Release|Win32
		{6F21B0E7-D154-4B76-830C-9ABC5D1533B2}.Release|x86.Build.0 = Release|Win32
		{9463FFAF-3E7B-422E-9E92-D4FFD563DEB3}.Debug|x64.ActiveCfg = Debug|x64
		{9463FFAF-3E7B-422E-9E92-D4FFD563DEB3}.Debug|x64.Build.0 = Debug|x64
		{9463FFAF-3E7B-422E-9E92-D4FFD563DEB3}.Debug|x86.ActiveCfg = Debug|Win32
		{9463FFAF-3E7B-422E-9E92-D4FFD563DEB3}.Debug|x86.Build.0 = Debug|Win32
		{9463FFAF-3E7B-422E-9E92-D4FFD563DEB3}.Release|x64.ActiveCfg = Release|x64
		{9463FFAF-3E7B-422E-9E92-D4FFD563DEB3}.Release|x64.Build.0 = Release|x64
		{9463FFAF-3E7B-422E-9E92-D4FFD563DEB3}.Release|x86.ActiveCfg = Release|Win32
		{9463FFAF-3E7B-422E-9E92-D4FFD563DEB3}.Release|x86.Build.0 = Release|Win32
		{6EC1E44D-E9C4-475F-9DC7-62AD18D385D6}.Debug|x64.ActiveCfg = Debug|x64
		{6EC1E44D-E9C4-475F-9DC7-62AD18D385D6}.Debug|x64.Build.0 = Debug|x64
		{6EC1E44D-E9C4-475F-9DC7-62AD18D385D6}.Debug|x86.ActiveCfg = Debug|Win32
		{6EC1E44D-E9C4-475F-9DC7-62AD18D385D6}.Debug|x86.Build.0 = Debug|Win32
		{6EC1E44D-E9C4-475F-9DC7-62AD18D385D6}.Release|x64.ActiveCfg = Release|x64
		{6EC1E44D-E9C4-475F-9DC7-62AD18D385D6}.Release|x64.Build.0 = Release|x64
		{6EC1E44D-E9C4-475F-9DC7-62AD18D385D6}.Release|x86.ActiveCfg = Release|Win32
		{6EC1E44D-E9C4-475F-9DC7-62AD18D385D6}.Release|x86.Build.0 = Release|Win32
		{DD11C4FE-EEEA-4E05-9F31-54EAE00F1C74}.Debug|x64.ActiveCfg = Debug|x64
		{DD11C4FE-EEEA-4E05-9F31-54EAE00F1C74}.Debug|x64.Build.0 = Debug|x64
		{DD11C4FE-EEEA-4E05-9F31-54EAE00F1C74}.Debug|x86.ActiveCfg = Debug|Win32
		{DD11C4FE-EEEA-4E05-9F31-54EAE00F1C74}.Debug|x86.Build.0 = Debug|Win32
		{DD11C4FE-EEEA-4E05-9F31-54EAE00F1C74}.Release|x64.ActiveCfg = Release|x64
		{DD11C4FE-EEEA-4E05-9F31-54EAE00F1C74}.Release|x64.Build.0 = Release|x64
		{DD11C4FE-EEEA-4E05-9F31-54EAE00F1C74}.Release|x86.ActiveCfg = Release|Win32
		{DD11C4FE-EEEA-4E05-9F31-54EAE00F1C74}.Release|x86.Build.0 = Release|Win32
		{E8ED0990-C7E5-45EC-A453-8805ED2007F0}.Debug|x64.ActiveCfg = Debug|x64
		{E8ED0990-C7E5-45EC-A453-8805ED2007F0}.Debug|x64.Build.0 = Debug|x64
		{E8ED0990-C7E5-45EC-A453-8805ED2007F0}.Debug|x86.ActiveCfg = Debug|Win32
		{E8ED0990-C7E5-45EC-A453-8805ED2007F0}.Debug|x86.Build.0 = Debug|Win32
		{E8ED0990-C7E5-45EC-A453-8805ED2007F0}.Release|x64.ActiveCfg = Release|x64
		{E8ED0990-C7E5-45EC-A453-8805ED2007F0}.Release|x64.Build.0 = Release|x64
		{E8ED0990-C7E5-45EC-A453-8805ED2007F0}.Release|x86.ActiveCfg = Release|Win32
		{E8ED0990-C7E5-45EC-A453-8805ED2007F0}.Release|x86.Build.0 = Release|Win32
		{E61905E7-E782-4734-ACBD-A1E90214323D}.Debug|x64.ActiveCfg = Debug|x64
		{E61905E7-E782-4734-ACBD-A1E90214323D}.Debug|x64.Build.0 = Debug|x64
		{E61905E7-E782-4734-ACBD-A1E90214323D}.Debug|x86.ActiveCfg = Debug|Win32
		{E61905E7-E782-4734-ACBD-A1E90214323D}.Debug|x86.Build.0 = Debug|Win32
		{E61905E7-E782-4734-ACBD-A1E90214323D}.Release|x64.ActiveCfg = Release|x64
		{E61905E7-E782-4734-ACBD-A1E90214323D}.Release|x64.Build.0 = Release|x64
		{E61905E7-E782-4734-ACBD-A1E90214323D}.Release|x86.ActiveCfg = Release|Win32
		{E61905E7-E782-4734-ACBD-A1E90214323D}.Release|x86.Build.0 = Release|Win32
		{9566A827-BF84-4CD2-9534-5B598588DCF8}.Debug|x64.ActiveCfg = Debug|x64
		{9566A827-BF84-4CD2-9534-5B598588DCF8}.Debug|x64.Build.0 = Debug|x64
		{9566A827-BF84-4CD2-9534-5B598588DCF8}.Debug|x86.ActiveCfg = Debug|Win32
		{9566A827-BF84-4CD2-9534-5B598588DCF8}.Debug|x86.Build.0 = Debug|Win32
		{9566A827-BF84-4CD2-9534-5B598588DCF8}.Release|x64.ActiveCfg = Release|x64
		{9566A827-BF84-4CD2-9534-5B598588DCF8}.Release|x64.Build.0 = Release|x64
		{9566A827-BF84-4CD2-9534-5B598588DCF8}.Release|x86.ActiveCfg = Release|Win32
		{9566A827-BF84-4CD2-9534-5B598588DCF8}.Release|x86.Build.0 = Release|Win32
		{BB83B408-C82C-47FC-A088-85D207F5AF58}.Debug|x64.ActiveCfg = Debug|x64
		{BB83B408-C82C-47FC-A088-85D207F5AF58}.Debug|x64.Build.0 = Debug|x64
		{BB83B408-C82C-47FC-A088-85D207F5AF58}.Debug|x86.ActiveCfg = Debug|Win32
		{BB83B408-C82C-47FC-A088-85D207F5AF58}.Debug|x86.Build.0 = Debug|Win32
		{BB83B408-C82C-47FC-A088-85D207F5AF58}.Release|x64.ActiveCfg = Release|x64
		{BB83B408-C82C-47FC-A088-85D207F5AF58}.Release|x64.Build.0 = Release|x64
		{BB83B408-C82C-47FC-A088-85D207F5AF58}.Release|x86.ActiveCfg = Release|Win32
		{BB83B408-C82C-47FC-A088-85D207F5AF58}.Release|x86.Build.0 = Release|Win32
		{FA345246-1178-4C33-AF05-998062361C21}.Debug|x64.ActiveCfg = Debug|x64
		{FA345246-1178-4C33-AF05-998062361C21}.Debug|x64.Build.0 = Debug|x64
		{FA345246-1178-4C33-AF05-998062361C21}.Debug|x86.ActiveCfg = Debug|Win32
		{FA345246-1178-4C33-AF05-998062361C21}.Debug|x86.Build.0 = Debug|Win32
		{FA345246-1178-4C33-AF05-998062361C21}.Release|x64.ActiveCfg = Release|x64
		{FA345246-1178-4C33-AF05-998062361C21}.Release|x64.Build.0 = Release|x64
		{FA345246-1178-4C33-AF05-998062361C21}.Release|x86.ActiveCfg = Release|Win32
		{FA345246-1178-4C33-AF05-998062361C21}.Release|x86.Build.0 = Release|Win32
		{95276E78-751E-4071-A3FF-9311F9A06ABB}.Debug|x64.ActiveCfg = Debug|x64
		{95276E78-751E-4071-A3FF-9311F9A06ABB}.Debug|x64.Build.0 = Debug|x64
		{95276E78-751E-4071-A3FF-9311F9A06ABB}.Debug|x86.ActiveCfg = Debug|Win32
		{95276E78-751E-4071-A3FF-9311F9A06ABB}.Debug|x86.Build.0 = Debug|Win32
		{95276E78-751E-4071-A3FF-9311F9A06ABB}.Release|x64.ActiveCfg = Release|x64
		{95276E78-751E-4071-A3FF-9311F9A06ABB}.Release|x64.Build.0 = Release|x64
		{95276E78-751E-4071-A3FF-9311F9A06ABB}.Release|x86.ActiveCfg = Release|Win32
		{95276E78-751E-4071-A3FF-9311F9A06ABB}.Release|x86.Build.0 = Release|Win32
		{4CBEE19D-6436-4C28-A5DC-85AD12C072A4}.Debug|x64.ActiveCfg = Debug|x64
		{4CBEE19D-6436-4C28-A5DC-85AD12C072A4}.Debug|x64.Build.0 = Debug|x64
		{4CBEE19D-6436-4C28-A5DC-85AD12C072A4}.Debug|x86.ActiveCfg = Debug|Win32
		{4CBEE19D-6436-4C28-A5DC-85AD12C072A4}.Debug|x86.Build.0 = Debug|Win32
		{4CBEE19D-6436-4C28-A5DC-85AD12C072A4}.Release|x64.ActiveCfg = Release|x64
		{4CBEE19D-6436-4C28-A5DC-85AD12C072A4}.Release|x64.Build.0 = Release|x64
		{4CBEE19D-6436-4C28-A5DC-85AD12C072A4}.Release|x86.ActiveCfg = Release|Win32
		{4CBEE19D-6436-4C28-A5DC-85AD12C072A4}.Release|x86.Build.0 = Release|Win32
		{FAC816EF-BFB4-4542-8738-8A400E8C5015}.Debug|x64.ActiveCfg = Debug|x64
		{FAC816EF-BFB4-4542-8738-8A400E8C5015}.Debug|x64.Build.0 = Debug|x64
		{FAC816EF-BFB4-4542-8738-8A400E8C5015}.Debug|x86.ActiveCfg = Debug|Win32
		{FAC816EF-BFB4-4542-8738-8A400E8C5015}.Debug|x86.Build.0 = Debug|Win32
		{FAC816EF-BFB4-4542-8738-8A400E8C5015}.Release|x64.ActiveCfg = Release|x64
		{FAC816EF-BFB4-4542-8738-8A400E8C5015}.Release|x64.Build.0 = Release|x64
		{FAC816EF-BFB4-4542-8738-8A400E8C5015}.Release|x86.ActiveCfg = Release|Win32
		{FAC816EF-BFB4-4542-8738-8A400E8C5015}.Release|x86.Build.0 = Release|Win32
		{D05395C9-DB43-4A1B-98DF-90597864C868}.Debug|x64.ActiveCfg = Debug|x64
		{D05395C9-DB43-4A1B-98DF-90597864C868}.Debug|x64.Build.0 = Debug|x64
		{D05395C9-DB43-4A1B-98DF-90597864C868}.Debug|x86.ActiveCfg = Debug|Win32
		{D05395C9-DB43-4A1B-98DF-90597864C868}.Debug|x86.Build.0 = Debug|Win32
		{D05395C9-DB43-4A1B-98DF-90597864C868}.Release|x64.ActiveCfg = Release|x64
		{D05395C9-DB43-4A1B-98DF-90597864C868}.Release|x64.Build.0 = Release|x64
		{D05395C9-DB43-4A1B-98DF-90597864C868}.Release|x86.ActiveCfg = Release|Win32
		{D05395C9-DB43-4A1B-98DF-90597864C868}.Release|x86.Build.0 = Release|Win32
		{89BFF55E-6D75-4A6D-903F-8EC845C88422}.Debug|x64.ActiveCfg = Debug|x64
		{89BFF55E-6D75-4A6D-903F-8EC845C88422}.Debug|x64.Build.0 = Debug|x64
		{89BFF55E-6D75-4A6D-903F-8EC845C88422}.Debug|x86.ActiveCfg = Debug|Win32
		{89BFF55E-6D75-4A6D-903F-8EC845C88422}.Debug|x86.Build.0 = Debug|Win32
		{89BFF55E-6D75-4A6D-903F-8EC845C88422}.Release|x64.ActiveCfg = Release|x64
		{89BFF55E-6D75-4A6D-903F-8EC845C88422}.Release|x64.Build.0 = Release|x64
		{89BFF55E-6D75-4A6D-903F-8EC845C88422}.Release|x86.ActiveCfg = Release|Win32
		{89BFF55E-6D75-4A6D-903F-8EC845C88422}.Release|x86.Build.0 = Release|Win32
		{1525A00A-CD99-4CD1-9EB2-13DFE34DEDD6}.Debug|x64.ActiveCfg = Debug|x64
		{1525A00A-CD99-4CD1-9EB2-13DFE34DEDD6}.Debug|x64.Build.0 = Debug|x64
		{1525A00A-CD99-4CD1-9EB2-13DFE34DEDD6}.Debug|x86.ActiveCfg = Debug|Win32
		{1525A00A-CD99-4CD1-9EB2-13DFE34DEDD6}.Debug|x86.Build.0 = Debug|Win32
		{1525A00A-CD99-4CD1-9EB2-13DFE34DEDD6}.Release|x64.ActiveCfg = Release|x64
		{1525A00A-CD99-4CD1-9EB2-13DFE34DEDD6}.Release|x64.Build.0 = Release|x64
		{1525A00A-CD99-4CD1-9EB2-13DFE34DEDD6}.Release|x86.ActiveCfg = Release|Win32
		{1525A00A-CD99-4CD1-9EB2-13DFE34DEDD6}.Release|x86.Build.0 = Release|Win32
		{F06A6A82-6137-479D-A3B8-4FFF36C9A7B4}.Debug|x64.ActiveCfg = Debug|x64
		{F06A6A82-6137-479D-A3B8-4FFF36C9A7B4}.Debug|x64.Build.0 = Debug|x64
		{F06A6A82-6137-479D-A3B8-4FFF36C9A7B4}.Debug|x86.ActiveCfg = Debug|Win32
		{F06A6A82-6137-479D-A3B8-4FFF36C9A7B4}.Debug|x86.Build.0 = Debug|Win32
		{F06A6A82-6137-479D-A3B8-4FFF36C9A7B4}.Release|x64.ActiveCfg = Release|x64
		{F06A6A82-6137-479D-A3B8-4FFF36C9A7B4}.Release|x64.Build.0 = Release|x64
		{F06A6A82-6137-479D-A3B8-4FFF36C9A7B4}.Release|x86.ActiveCfg = Release|Win32
		{F06A6A82-6137-479D-A3B8-4FFF36C9A7B4}.Release|x86.Build.0 = Release|Win32
		{A627D5CC-C8E0-4DD0-8D5B-91B04C77AD3C}.Debug|x64.ActiveCfg = Debug|x64
		{A627D5CC-C8E0-4DD0-8D5B-91B04C77AD3C}.Debug|x64.Build.0 = Debug|x64
		{A627D5CC-C8E0-4DD0-8D5B-91B04C77AD3C}.Debug|x86.ActiveCfg = Debug|Win32
		{A627D5CC-C8E0-4DD0-8D5B-91B04C77AD3C}.Debug|x86.Build.0 = Debug|Win32
		{A627D5CC-C8E0-4DD0-8D5B-91B04C77AD3C}.Release|x64.ActiveCfg = Release|x64
		{A627D5CC-C8E0-4DD0-8D5B-91B04C77AD3C}.Release|x64.Build.0 = Release|x64
		{A627D5CC-C8E0-4DD0-8D5B-91B04C77AD3C}.Release|x86.ActiveCfg = Release|Win32
		{A627D5CC-C8E0-4DD0-8D5B-91B04C77AD3C}.Release|x86.Build.0 = Release|Win32
		{FE3C5AB2-9E4B-42D0-9312-BE69421B5C10}.Debug|x64.ActiveCfg = Debug|x64
		{FE3C5AB2-9E4B-42D0-9312-BE69421B5C10}.Debug|x64.Build.0 = Debug|x64
		{FE3C5AB2-9E4B-42D0-9312-BE69421B5C10}.Debug|x86.ActiveCfg = Debug|Win32
		{FE3C5AB2-9E4B-42D0-9312-BE69421B5C10}.Debug|x86.Build.0 = Debug|Win32
		{FE3C5AB2-9E4B-42D0-9312-BE69421B5C10}.Release|x64.ActiveCfg = Release|x64
		{FE3C5AB2-9E4B-42D0-9312-BE69421B5C10}.Release|x64.Build.0 = Release|x64
		{FE3C5AB2-9E4B-42D0-9312-BE69421B5C10}.Release|x86.ActiveCfg = Release|Win32
		{FE3C5AB2-9E4B-42D0-9312-BE69421B5C10}.Release|x86.Build.0 = Release|Win32
	EndGlobalSection
	GlobalSection(SolutionProperties) = preSolution
		HideSolutionNode = FALSE
	EndGlobalSection
	GlobalSection(ExtensibilityGlobals) = postSolution
		SolutionGuid = {EFA13EC7-6342-4441-BBF6-4AEC8EACAE70}
	EndGlobalSection
EndGlobal
