
Microsoft Visual Studio Solution File, Format Version 12.00
# Visual Studio Version 17
VisualStudioVersion = 17.0.31612.314
MinimumVisualStudioVersion = 10.0.40219.1
Project("{8BC9CEB8-8B4A-11D0-8D11-00A0C91BC942}") = "SapDatDaySo", "SapDatDaySo\SapDatDaySo.vcxproj", "{E8CA4DC3-625E-4951-9647-2EE2ECB949BA}"
EndProject
Project("{8BC9CEB8-8B4A-11D0-8D11-00A0C91BC942}") = "So0OCuoiDay", "So0OCuoiDay\So0OCuoiDay.vcxproj", "{293F25CA-D120-4983-8D60-713F15C7E963}"
EndProject
Project("{8BC9CEB8-8B4A-11D0-8D11-00A0C91BC942}") = "GhepDaySo", "GhepDaySo\GhepDaySo.vcxproj", "{A5D73242-1ABB-41BF-B1F3-F8DEFA23FD77}"
EndProject
Project("{8BC9CEB8-8B4A-11D0-8D11-00A0C91BC942}") = "PhanTuNhoNhatThuK", "PhanTuNhoNhatThuK\PhanTuNhoNhatThuK.vcxproj", "{1856803C-5DD8-43A8-A893-D438AAC6309E}"
EndProject
Project("{8BC9CEB8-8B4A-11D0-8D11-00A0C91BC942}") = "PhanTuLonNhat", "PhanTuLonNhat\PhanTuLonNhat.vcxproj", "{4FFCE8C5-A278-4B44-A322-55B53805BBED}"
EndProject
Project("{8BC9CEB8-8B4A-11D0-8D11-00A0C91BC942}") = "DayTamGiac", "DayTamGiac\DayTamGiac.vcxproj", "{D897866C-F514-4A18-8154-95CECDE9EA72}"
EndProject
Project("{8BC9CEB8-8B4A-11D0-8D11-00A0C91BC942}") = "SoNhoNhatChuaXuatHien", "SoNhoNhatChuaXuatHien\SoNhoNhatChuaXuatHien.vcxproj", "{256AB55C-ACF6-43DB-8A20-2799F1C97329}"
EndProject
Project("{8BC9CEB8-8B4A-11D0-8D11-00A0C91BC942}") = "TinhTongTrongKhoang", "TinhTongTrongKhoang\TinhTongTrongKhoang.vcxproj", "{C1C21E12-D5FD-462E-88B8-9C4E848BBA60}"
EndProject
Project("{8BC9CEB8-8B4A-11D0-8D11-00A0C91BC942}") = "KhoangCachNhoNhat", "KhoangCachNhoNhat\KhoangCachNhoNhat.vcxproj", "{4AA6A981-79DA-4E60-BA33-F429B3A4381D}"
EndProject
Project("{8BC9CEB8-8B4A-11D0-8D11-00A0C91BC942}") = "SapXepXenKe-1", "SapXepXenKe-1\SapXepXenKe-1.vcxproj", "{C9CF3804-5C82-438B-8396-B98E90C28E3C}"
EndProject
Project("{8BC9CEB8-8B4A-11D0-8D11-00A0C91BC942}") = "SapXep0-1-2", "SapXep0-1-2\SapXep0-1-2.vcxproj", "{CDAA767B-84E6-4B5B-89F9-585AE8DFEEC7}"
EndProject
Project("{8BC9CEB8-8B4A-11D0-8D11-00A0C91BC942}") = "DemCapPhanTuCoTongBangK", "DemCapPhanTuCoTongBangK\DemCapPhanTuCoTongBangK.vcxproj", "{FE3498C4-8D37-4D80-9365-701ACEE14AA1}"
EndProject
Project("{8BC9CEB8-8B4A-11D0-8D11-00A0C91BC942}") = "SapXepChuSo", "SapXepChuSo\SapXepChuSo.vcxproj", "{C0B51816-D9F1-4C61-8C9B-3D12389B791F}"
EndProject
Project("{8BC9CEB8-8B4A-11D0-8D11-00A0C91BC942}") = "TinhTich", "TinhTich\TinhTich.vcxproj", "{F8B4BD47-1220-45E3-AAA4-4D9790ED45E6}"
EndProject
Project("{8BC9CEB8-8B4A-11D0-8D11-00A0C91BC942}") = "TronHaiDayVaSapXep", "TronHaiDayVaSapXep\TronHaiDayVaSapXep.vcxproj", "{581C9CAB-1485-43E0-B064-946EBA19DE33}"
EndProject
Project("{8BC9CEB8-8B4A-11D0-8D11-00A0C91BC942}") = "BoSungPhanTu", "BoSungPhanTu\BoSungPhanTu.vcxproj", "{AB82F256-259D-4E75-ACE6-18205E5FEA31}"
EndProject
Project("{8BC9CEB8-8B4A-11D0-8D11-00A0C91BC942}") = "ChuSoChanLe1", "ChuSoChanLe1\ChuSoChanLe1.vcxproj", "{157D46FE-950A-4671-973F-8432F07219E2}"
EndProject
Project("{8BC9CEB8-8B4A-11D0-8D11-00A0C91BC942}") = "SoDungDau", "SoDungDau\SoDungDau.vcxproj", "{F657AF97-DB60-43ED-AAC7-9EE7174317F3}"
EndProject
Project("{8BC9CEB8-8B4A-11D0-8D11-00A0C91BC942}") = "LietKeSNTTrongDay", "LietKeSNTTrongDay\LietKeSNTTrongDay.vcxproj", "{94DCB8DF-F505-4C93-A4C3-93F37403B6EF}"
EndProject
Project("{8BC9CEB8-8B4A-11D0-8D11-00A0C91BC942}") = "SoDep1", "SoDep1\SoDep1.vcxproj", "{EE9EDE4D-D3CD-4A74-90D2-44B6E2E32DD5}"
EndProject
Project("{8BC9CEB8-8B4A-11D0-8D11-00A0C91BC942}") = "TinhTong", "TinhTong\TinhTong.vcxproj", "{09EF2426-A1AE-4DA6-8F74-CBD6000EFF71}"
EndProject
Project("{8BC9CEB8-8B4A-11D0-8D11-00A0C91BC942}") = "PhepToanCoBan", "PhepToanCoBan\PhepToanCoBan.vcxproj", "{C236439B-AAB8-4A27-BCC0-4C14180ED83C}"
EndProject
Project("{8BC9CEB8-8B4A-11D0-8D11-00A0C91BC942}") = "HinhChuNhat", "HinhChuNhat\HinhChuNhat.vcxproj", "{1BFB906D-FAD5-400B-ACCB-B8C62B84E202}"
EndProject
Project("{8BC9CEB8-8B4A-11D0-8D11-00A0C91BC942}") = "ChuyenDoiThangDoNhietDo", "ChuyenDoiThangDoNhietDo\ChuyenDoiThangDoNhietDo.vcxproj", "{2F462F1F-257A-4069-8B93-1BC0A89A6DAD}"
EndProject
Project("{8BC9CEB8-8B4A-11D0-8D11-00A0C91BC942}") = "ChuyenDoiNgayThang", "ChuyenDoiNgayThang\ChuyenDoiNgayThang.vcxproj", "{F7EA0457-62DA-4CD8-BD07-66C8A48DBEBA}"
EndProject
Project("{8BC9CEB8-8B4A-11D0-8D11-00A0C91BC942}") = "PhuongTrinhBac2", "PhuongTrinhBac2\PhuongTrinhBac2.vcxproj", "{D1B0ADBA-C8C5-4A5E-8326-028C96AA9157}"
EndProject
Project("{8BC9CEB8-8B4A-11D0-8D11-00A0C91BC942}") = "TinhTongTrongDoan", "TinhTongTrongDoan\TinhTongTrongDoan.vcxproj", "{51FCB22E-D6B3-44F0-9FC3-EAA98D5C4D8D}"
EndProject
Project("{8BC9CEB8-8B4A-11D0-8D11-00A0C91BC942}") = "BangCuuChuong", "BangCuuChuong\BangCuuChuong.vcxproj", "{2CEA6F18-CB9D-4308-ACE2-48A23EBFB2A1}"
EndProject
Project("{8BC9CEB8-8B4A-11D0-8D11-00A0C91BC942}") = "DemSoChuSo", "DemSoChuSo\DemSoChuSo.vcxproj", "{94BF711B-E115-4739-BED6-E3D1189CCC41}"
EndProject
Project("{8BC9CEB8-8B4A-11D0-8D11-00A0C91BC942}") = "ChuSoDauCuoi", "ChuSoDauCuoi\ChuSoDauCuoi.vcxproj", "{2763B3E0-E078-45D0-AF30-FD6BC9AE4573}"
EndProject
Global
	GlobalSection(SolutionConfigurationPlatforms) = preSolution
		Debug|x64 = Debug|x64
		Debug|x86 = Debug|x86
		Release|x64 = Release|x64
		Release|x86 = Release|x86
	EndGlobalSection
	GlobalSection(ProjectConfigurationPlatforms) = postSolution
		{E8CA4DC3-625E-4951-9647-2EE2ECB949BA}.Debug|x64.ActiveCfg = Debug|x64
		{E8CA4DC3-625E-4951-9647-2EE2ECB949BA}.Debug|x64.Build.0 = Debug|x64
		{E8CA4DC3-625E-4951-9647-2EE2ECB949BA}.Debug|x86.ActiveCfg = Debug|Win32
		{E8CA4DC3-625E-4951-9647-2EE2ECB949BA}.Debug|x86.Build.0 = Debug|Win32
		{E8CA4DC3-625E-4951-9647-2EE2ECB949BA}.Release|x64.ActiveCfg = Release|x64
		{E8CA4DC3-625E-4951-9647-2EE2ECB949BA}.Release|x64.Build.0 = Release|x64
		{E8CA4DC3-625E-4951-9647-2EE2ECB949BA}.Release|x86.ActiveCfg = Release|Win32
		{E8CA4DC3-625E-4951-9647-2EE2ECB949BA}.Release|x86.Build.0 = Release|Win32
		{293F25CA-D120-4983-8D60-713F15C7E963}.Debug|x64.ActiveCfg = Debug|x64
		{293F25CA-D120-4983-8D60-713F15C7E963}.Debug|x64.Build.0 = Debug|x64
		{293F25CA-D120-4983-8D60-713F15C7E963}.Debug|x86.ActiveCfg = Debug|Win32
		{293F25CA-D120-4983-8D60-713F15C7E963}.Debug|x86.Build.0 = Debug|Win32
		{293F25CA-D120-4983-8D60-713F15C7E963}.Release|x64.ActiveCfg = Release|x64
		{293F25CA-D120-4983-8D60-713F15C7E963}.Release|x64.Build.0 = Release|x64
		{293F25CA-D120-4983-8D60-713F15C7E963}.Release|x86.ActiveCfg = Release|Win32
		{293F25CA-D120-4983-8D60-713F15C7E963}.Release|x86.Build.0 = Release|Win32
		{A5D73242-1ABB-41BF-B1F3-F8DEFA23FD77}.Debug|x64.ActiveCfg = Debug|x64
		{A5D73242-1ABB-41BF-B1F3-F8DEFA23FD77}.Debug|x64.Build.0 = Debug|x64
		{A5D73242-1ABB-41BF-B1F3-F8DEFA23FD77}.Debug|x86.ActiveCfg = Debug|Win32
		{A5D73242-1ABB-41BF-B1F3-F8DEFA23FD77}.Debug|x86.Build.0 = Debug|Win32
		{A5D73242-1ABB-41BF-B1F3-F8DEFA23FD77}.Release|x64.ActiveCfg = Release|x64
		{A5D73242-1ABB-41BF-B1F3-F8DEFA23FD77}.Release|x64.Build.0 = Release|x64
		{A5D73242-1ABB-41BF-B1F3-F8DEFA23FD77}.Release|x86.ActiveCfg = Release|Win32
		{A5D73242-1ABB-41BF-B1F3-F8DEFA23FD77}.Release|x86.Build.0 = Release|Win32
		{1856803C-5DD8-43A8-A893-D438AAC6309E}.Debug|x64.ActiveCfg = Debug|x64
		{1856803C-5DD8-43A8-A893-D438AAC6309E}.Debug|x64.Build.0 = Debug|x64
		{1856803C-5DD8-43A8-A893-D438AAC6309E}.Debug|x86.ActiveCfg = Debug|Win32
		{1856803C-5DD8-43A8-A893-D438AAC6309E}.Debug|x86.Build.0 = Debug|Win32
		{1856803C-5DD8-43A8-A893-D438AAC6309E}.Release|x64.ActiveCfg = Release|x64
		{1856803C-5DD8-43A8-A893-D438AAC6309E}.Release|x64.Build.0 = Release|x64
		{1856803C-5DD8-43A8-A893-D438AAC6309E}.Release|x86.ActiveCfg = Release|Win32
		{1856803C-5DD8-43A8-A893-D438AAC6309E}.Release|x86.Build.0 = Release|Win32
		{4FFCE8C5-A278-4B44-A322-55B53805BBED}.Debug|x64.ActiveCfg = Debug|x64
		{4FFCE8C5-A278-4B44-A322-55B53805BBED}.Debug|x64.Build.0 = Debug|x64
		{4FFCE8C5-A278-4B44-A322-55B53805BBED}.Debug|x86.ActiveCfg = Debug|Win32
		{4FFCE8C5-A278-4B44-A322-55B53805BBED}.Debug|x86.Build.0 = Debug|Win32
		{4FFCE8C5-A278-4B44-A322-55B53805BBED}.Release|x64.ActiveCfg = Release|x64
		{4FFCE8C5-A278-4B44-A322-55B53805BBED}.Release|x64.Build.0 = Release|x64
		{4FFCE8C5-A278-4B44-A322-55B53805BBED}.Release|x86.ActiveCfg = Release|Win32
		{4FFCE8C5-A278-4B44-A322-55B53805BBED}.Release|x86.Build.0 = Release|Win32
		{D897866C-F514-4A18-8154-95CECDE9EA72}.Debug|x64.ActiveCfg = Debug|x64
		{D897866C-F514-4A18-8154-95CECDE9EA72}.Debug|x64.Build.0 = Debug|x64
		{D897866C-F514-4A18-8154-95CECDE9EA72}.Debug|x86.ActiveCfg = Debug|Win32
		{D897866C-F514-4A18-8154-95CECDE9EA72}.Debug|x86.Build.0 = Debug|Win32
		{D897866C-F514-4A18-8154-95CECDE9EA72}.Release|x64.ActiveCfg = Release|x64
		{D897866C-F514-4A18-8154-95CECDE9EA72}.Release|x64.Build.0 = Release|x64
		{D897866C-F514-4A18-8154-95CECDE9EA72}.Release|x86.ActiveCfg = Release|Win32
		{D897866C-F514-4A18-8154-95CECDE9EA72}.Release|x86.Build.0 = Release|Win32
		{256AB55C-ACF6-43DB-8A20-2799F1C97329}.Debug|x64.ActiveCfg = Debug|x64
		{256AB55C-ACF6-43DB-8A20-2799F1C97329}.Debug|x64.Build.0 = Debug|x64
		{256AB55C-ACF6-43DB-8A20-2799F1C97329}.Debug|x86.ActiveCfg = Debug|Win32
		{256AB55C-ACF6-43DB-8A20-2799F1C97329}.Debug|x86.Build.0 = Debug|Win32
		{256AB55C-ACF6-43DB-8A20-2799F1C97329}.Release|x64.ActiveCfg = Release|x64
		{256AB55C-ACF6-43DB-8A20-2799F1C97329}.Release|x64.Build.0 = Release|x64
		{256AB55C-ACF6-43DB-8A20-2799F1C97329}.Release|x86.ActiveCfg = Release|Win32
		{256AB55C-ACF6-43DB-8A20-2799F1C97329}.Release|x86.Build.0 = Release|Win32
		{C1C21E12-D5FD-462E-88B8-9C4E848BBA60}.Debug|x64.ActiveCfg = Debug|x64
		{C1C21E12-D5FD-462E-88B8-9C4E848BBA60}.Debug|x64.Build.0 = Debug|x64
		{C1C21E12-D5FD-462E-88B8-9C4E848BBA60}.Debug|x86.ActiveCfg = Debug|Win32
		{C1C21E12-D5FD-462E-88B8-9C4E848BBA60}.Debug|x86.Build.0 = Debug|Win32
		{C1C21E12-D5FD-462E-88B8-9C4E848BBA60}.Release|x64.ActiveCfg = Release|x64
		{C1C21E12-D5FD-462E-88B8-9C4E848BBA60}.Release|x64.Build.0 = Release|x64
		{C1C21E12-D5FD-462E-88B8-9C4E848BBA60}.Release|x86.ActiveCfg = Release|Win32
		{C1C21E12-D5FD-462E-88B8-9C4E848BBA60}.Release|x86.Build.0 = Release|Win32
		{4AA6A981-79DA-4E60-BA33-F429B3A4381D}.Debug|x64.ActiveCfg = Debug|x64
		{4AA6A981-79DA-4E60-BA33-F429B3A4381D}.Debug|x64.Build.0 = Debug|x64
		{4AA6A981-79DA-4E60-BA33-F429B3A4381D}.Debug|x86.ActiveCfg = Debug|Win32
		{4AA6A981-79DA-4E60-BA33-F429B3A4381D}.Debug|x86.Build.0 = Debug|Win32
		{4AA6A981-79DA-4E60-BA33-F429B3A4381D}.Release|x64.ActiveCfg = Release|x64
		{4AA6A981-79DA-4E60-BA33-F429B3A4381D}.Release|x64.Build.0 = Release|x64
		{4AA6A981-79DA-4E60-BA33-F429B3A4381D}.Release|x86.ActiveCfg = Release|Win32
		{4AA6A981-79DA-4E60-BA33-F429B3A4381D}.Release|x86.Build.0 = Release|Win32
		{C9CF3804-5C82-438B-8396-B98E90C28E3C}.Debug|x64.ActiveCfg = Debug|x64
		{C9CF3804-5C82-438B-8396-B98E90C28E3C}.Debug|x64.Build.0 = Debug|x64
		{C9CF3804-5C82-438B-8396-B98E90C28E3C}.Debug|x86.ActiveCfg = Debug|Win32
		{C9CF3804-5C82-438B-8396-B98E90C28E3C}.Debug|x86.Build.0 = Debug|Win32
		{C9CF3804-5C82-438B-8396-B98E90C28E3C}.Release|x64.ActiveCfg = Release|x64
		{C9CF3804-5C82-438B-8396-B98E90C28E3C}.Release|x64.Build.0 = Release|x64
		{C9CF3804-5C82-438B-8396-B98E90C28E3C}.Release|x86.ActiveCfg = Release|Win32
		{C9CF3804-5C82-438B-8396-B98E90C28E3C}.Release|x86.Build.0 = Release|Win32
		{CDAA767B-84E6-4B5B-89F9-585AE8DFEEC7}.Debug|x64.ActiveCfg = Debug|x64
		{CDAA767B-84E6-4B5B-89F9-585AE8DFEEC7}.Debug|x64.Build.0 = Debug|x64
		{CDAA767B-84E6-4B5B-89F9-585AE8DFEEC7}.Debug|x86.ActiveCfg = Debug|Win32
		{CDAA767B-84E6-4B5B-89F9-585AE8DFEEC7}.Debug|x86.Build.0 = Debug|Win32
		{CDAA767B-84E6-4B5B-89F9-585AE8DFEEC7}.Release|x64.ActiveCfg = Release|x64
		{CDAA767B-84E6-4B5B-89F9-585AE8DFEEC7}.Release|x64.Build.0 = Release|x64
		{CDAA767B-84E6-4B5B-89F9-585AE8DFEEC7}.Release|x86.ActiveCfg = Release|Win32
		{CDAA767B-84E6-4B5B-89F9-585AE8DFEEC7}.Release|x86.Build.0 = Release|Win32
		{FE3498C4-8D37-4D80-9365-701ACEE14AA1}.Debug|x64.ActiveCfg = Debug|x64
		{FE3498C4-8D37-4D80-9365-701ACEE14AA1}.Debug|x64.Build.0 = Debug|x64
		{FE3498C4-8D37-4D80-9365-701ACEE14AA1}.Debug|x86.ActiveCfg = Debug|Win32
		{FE3498C4-8D37-4D80-9365-701ACEE14AA1}.Debug|x86.Build.0 = Debug|Win32
		{FE3498C4-8D37-4D80-9365-701ACEE14AA1}.Release|x64.ActiveCfg = Release|x64
		{FE3498C4-8D37-4D80-9365-701ACEE14AA1}.Release|x64.Build.0 = Release|x64
		{FE3498C4-8D37-4D80-9365-701ACEE14AA1}.Release|x86.ActiveCfg = Release|Win32
		{FE3498C4-8D37-4D80-9365-701ACEE14AA1}.Release|x86.Build.0 = Release|Win32
		{C0B51816-D9F1-4C61-8C9B-3D12389B791F}.Debug|x64.ActiveCfg = Debug|x64
		{C0B51816-D9F1-4C61-8C9B-3D12389B791F}.Debug|x64.Build.0 = Debug|x64
		{C0B51816-D9F1-4C61-8C9B-3D12389B791F}.Debug|x86.ActiveCfg = Debug|Win32
		{C0B51816-D9F1-4C61-8C9B-3D12389B791F}.Debug|x86.Build.0 = Debug|Win32
		{C0B51816-D9F1-4C61-8C9B-3D12389B791F}.Release|x64.ActiveCfg = Release|x64
		{C0B51816-D9F1-4C61-8C9B-3D12389B791F}.Release|x64.Build.0 = Release|x64
		{C0B51816-D9F1-4C61-8C9B-3D12389B791F}.Release|x86.ActiveCfg = Release|Win32
		{C0B51816-D9F1-4C61-8C9B-3D12389B791F}.Release|x86.Build.0 = Release|Win32
		{F8B4BD47-1220-45E3-AAA4-4D9790ED45E6}.Debug|x64.ActiveCfg = Debug|x64
		{F8B4BD47-1220-45E3-AAA4-4D9790ED45E6}.Debug|x64.Build.0 = Debug|x64
		{F8B4BD47-1220-45E3-AAA4-4D9790ED45E6}.Debug|x86.ActiveCfg = Debug|Win32
		{F8B4BD47-1220-45E3-AAA4-4D9790ED45E6}.Debug|x86.Build.0 = Debug|Win32
		{F8B4BD47-1220-45E3-AAA4-4D9790ED45E6}.Release|x64.ActiveCfg = Release|x64
		{F8B4BD47-1220-45E3-AAA4-4D9790ED45E6}.Release|x64.Build.0 = Release|x64
		{F8B4BD47-1220-45E3-AAA4-4D9790ED45E6}.Release|x86.ActiveCfg = Release|Win32
		{F8B4BD47-1220-45E3-AAA4-4D9790ED45E6}.Release|x86.Build.0 = Release|Win32
		{581C9CAB-1485-43E0-B064-946EBA19DE33}.Debug|x64.ActiveCfg = Debug|x64
		{581C9CAB-1485-43E0-B064-946EBA19DE33}.Debug|x64.Build.0 = Debug|x64
		{581C9CAB-1485-43E0-B064-946EBA19DE33}.Debug|x86.ActiveCfg = Debug|Win32
		{581C9CAB-1485-43E0-B064-946EBA19DE33}.Debug|x86.Build.0 = Debug|Win32
		{581C9CAB-1485-43E0-B064-946EBA19DE33}.Release|x64.ActiveCfg = Release|x64
		{581C9CAB-1485-43E0-B064-946EBA19DE33}.Release|x64.Build.0 = Release|x64
		{581C9CAB-1485-43E0-B064-946EBA19DE33}.Release|x86.ActiveCfg = Release|Win32
		{581C9CAB-1485-43E0-B064-946EBA19DE33}.Release|x86.Build.0 = Release|Win32
		{AB82F256-259D-4E75-ACE6-18205E5FEA31}.Debug|x64.ActiveCfg = Debug|x64
		{AB82F256-259D-4E75-ACE6-18205E5FEA31}.Debug|x64.Build.0 = Debug|x64
		{AB82F256-259D-4E75-ACE6-18205E5FEA31}.Debug|x86.ActiveCfg = Debug|Win32
		{AB82F256-259D-4E75-ACE6-18205E5FEA31}.Debug|x86.Build.0 = Debug|Win32
		{AB82F256-259D-4E75-ACE6-18205E5FEA31}.Release|x64.ActiveCfg = Release|x64
		{AB82F256-259D-4E75-ACE6-18205E5FEA31}.Release|x64.Build.0 = Release|x64
		{AB82F256-259D-4E75-ACE6-18205E5FEA31}.Release|x86.ActiveCfg = Release|Win32
		{AB82F256-259D-4E75-ACE6-18205E5FEA31}.Release|x86.Build.0 = Release|Win32
		{157D46FE-950A-4671-973F-8432F07219E2}.Debug|x64.ActiveCfg = Debug|x64
		{157D46FE-950A-4671-973F-8432F07219E2}.Debug|x64.Build.0 = Debug|x64
		{157D46FE-950A-4671-973F-8432F07219E2}.Debug|x86.ActiveCfg = Debug|Win32
		{157D46FE-950A-4671-973F-8432F07219E2}.Debug|x86.Build.0 = Debug|Win32
		{157D46FE-950A-4671-973F-8432F07219E2}.Release|x64.ActiveCfg = Release|x64
		{157D46FE-950A-4671-973F-8432F07219E2}.Release|x64.Build.0 = Release|x64
		{157D46FE-950A-4671-973F-8432F07219E2}.Release|x86.ActiveCfg = Release|Win32
		{157D46FE-950A-4671-973F-8432F07219E2}.Release|x86.Build.0 = Release|Win32
		{F657AF97-DB60-43ED-AAC7-9EE7174317F3}.Debug|x64.ActiveCfg = Debug|x64
		{F657AF97-DB60-43ED-AAC7-9EE7174317F3}.Debug|x64.Build.0 = Debug|x64
		{F657AF97-DB60-43ED-AAC7-9EE7174317F3}.Debug|x86.ActiveCfg = Debug|Win32
		{F657AF97-DB60-43ED-AAC7-9EE7174317F3}.Debug|x86.Build.0 = Debug|Win32
		{F657AF97-DB60-43ED-AAC7-9EE7174317F3}.Release|x64.ActiveCfg = Release|x64
		{F657AF97-DB60-43ED-AAC7-9EE7174317F3}.Release|x64.Build.0 = Release|x64
		{F657AF97-DB60-43ED-AAC7-9EE7174317F3}.Release|x86.ActiveCfg = Release|Win32
		{F657AF97-DB60-43ED-AAC7-9EE7174317F3}.Release|x86.Build.0 = Release|Win32
		{94DCB8DF-F505-4C93-A4C3-93F37403B6EF}.Debug|x64.ActiveCfg = Debug|x64
		{94DCB8DF-F505-4C93-A4C3-93F37403B6EF}.Debug|x64.Build.0 = Debug|x64
		{94DCB8DF-F505-4C93-A4C3-93F37403B6EF}.Debug|x86.ActiveCfg = Debug|Win32
		{94DCB8DF-F505-4C93-A4C3-93F37403B6EF}.Debug|x86.Build.0 = Debug|Win32
		{94DCB8DF-F505-4C93-A4C3-93F37403B6EF}.Release|x64.ActiveCfg = Release|x64
		{94DCB8DF-F505-4C93-A4C3-93F37403B6EF}.Release|x64.Build.0 = Release|x64
		{94DCB8DF-F505-4C93-A4C3-93F37403B6EF}.Release|x86.ActiveCfg = Release|Win32
		{94DCB8DF-F505-4C93-A4C3-93F37403B6EF}.Release|x86.Build.0 = Release|Win32
		{EE9EDE4D-D3CD-4A74-90D2-44B6E2E32DD5}.Debug|x64.ActiveCfg = Debug|x64
		{EE9EDE4D-D3CD-4A74-90D2-44B6E2E32DD5}.Debug|x64.Build.0 = Debug|x64
		{EE9EDE4D-D3CD-4A74-90D2-44B6E2E32DD5}.Debug|x86.ActiveCfg = Debug|Win32
		{EE9EDE4D-D3CD-4A74-90D2-44B6E2E32DD5}.Debug|x86.Build.0 = Debug|Win32
		{EE9EDE4D-D3CD-4A74-90D2-44B6E2E32DD5}.Release|x64.ActiveCfg = Release|x64
		{EE9EDE4D-D3CD-4A74-90D2-44B6E2E32DD5}.Release|x64.Build.0 = Release|x64
		{EE9EDE4D-D3CD-4A74-90D2-44B6E2E32DD5}.Release|x86.ActiveCfg = Release|Win32
		{EE9EDE4D-D3CD-4A74-90D2-44B6E2E32DD5}.Release|x86.Build.0 = Release|Win32
		{09EF2426-A1AE-4DA6-8F74-CBD6000EFF71}.Debug|x64.ActiveCfg = Debug|x64
		{09EF2426-A1AE-4DA6-8F74-CBD6000EFF71}.Debug|x64.Build.0 = Debug|x64
		{09EF2426-A1AE-4DA6-8F74-CBD6000EFF71}.Debug|x86.ActiveCfg = Debug|Win32
		{09EF2426-A1AE-4DA6-8F74-CBD6000EFF71}.Debug|x86.Build.0 = Debug|Win32
		{09EF2426-A1AE-4DA6-8F74-CBD6000EFF71}.Release|x64.ActiveCfg = Release|x64
		{09EF2426-A1AE-4DA6-8F74-CBD6000EFF71}.Release|x64.Build.0 = Release|x64
		{09EF2426-A1AE-4DA6-8F74-CBD6000EFF71}.Release|x86.ActiveCfg = Release|Win32
		{09EF2426-A1AE-4DA6-8F74-CBD6000EFF71}.Release|x86.Build.0 = Release|Win32
		{C236439B-AAB8-4A27-BCC0-4C14180ED83C}.Debug|x64.ActiveCfg = Debug|x64
		{C236439B-AAB8-4A27-BCC0-4C14180ED83C}.Debug|x64.Build.0 = Debug|x64
		{C236439B-AAB8-4A27-BCC0-4C14180ED83C}.Debug|x86.ActiveCfg = Debug|Win32
		{C236439B-AAB8-4A27-BCC0-4C14180ED83C}.Debug|x86.Build.0 = Debug|Win32
		{C236439B-AAB8-4A27-BCC0-4C14180ED83C}.Release|x64.ActiveCfg = Release|x64
		{C236439B-AAB8-4A27-BCC0-4C14180ED83C}.Release|x64.Build.0 = Release|x64
		{C236439B-AAB8-4A27-BCC0-4C14180ED83C}.Release|x86.ActiveCfg = Release|Win32
		{C236439B-AAB8-4A27-BCC0-4C14180ED83C}.Release|x86.Build.0 = Release|Win32
		{1BFB906D-FAD5-400B-ACCB-B8C62B84E202}.Debug|x64.ActiveCfg = Debug|x64
		{1BFB906D-FAD5-400B-ACCB-B8C62B84E202}.Debug|x64.Build.0 = Debug|x64
		{1BFB906D-FAD5-400B-ACCB-B8C62B84E202}.Debug|x86.ActiveCfg = Debug|Win32
		{1BFB906D-FAD5-400B-ACCB-B8C62B84E202}.Debug|x86.Build.0 = Debug|Win32
		{1BFB906D-FAD5-400B-ACCB-B8C62B84E202}.Release|x64.ActiveCfg = Release|x64
		{1BFB906D-FAD5-400B-ACCB-B8C62B84E202}.Release|x64.Build.0 = Release|x64
		{1BFB906D-FAD5-400B-ACCB-B8C62B84E202}.Release|x86.ActiveCfg = Release|Win32
		{1BFB906D-FAD5-400B-ACCB-B8C62B84E202}.Release|x86.Build.0 = Release|Win32
		{2F462F1F-257A-4069-8B93-1BC0A89A6DAD}.Debug|x64.ActiveCfg = Debug|x64
		{2F462F1F-257A-4069-8B93-1BC0A89A6DAD}.Debug|x64.Build.0 = Debug|x64
		{2F462F1F-257A-4069-8B93-1BC0A89A6DAD}.Debug|x86.ActiveCfg = Debug|Win32
		{2F462F1F-257A-4069-8B93-1BC0A89A6DAD}.Debug|x86.Build.0 = Debug|Win32
		{2F462F1F-257A-4069-8B93-1BC0A89A6DAD}.Release|x64.ActiveCfg = Release|x64
		{2F462F1F-257A-4069-8B93-1BC0A89A6DAD}.Release|x64.Build.0 = Release|x64
		{2F462F1F-257A-4069-8B93-1BC0A89A6DAD}.Release|x86.ActiveCfg = Release|Win32
		{2F462F1F-257A-4069-8B93-1BC0A89A6DAD}.Release|x86.Build.0 = Release|Win32
		{F7EA0457-62DA-4CD8-BD07-66C8A48DBEBA}.Debug|x64.ActiveCfg = Debug|x64
		{F7EA0457-62DA-4CD8-BD07-66C8A48DBEBA}.Debug|x64.Build.0 = Debug|x64
		{F7EA0457-62DA-4CD8-BD07-66C8A48DBEBA}.Debug|x86.ActiveCfg = Debug|Win32
		{F7EA0457-62DA-4CD8-BD07-66C8A48DBEBA}.Debug|x86.Build.0 = Debug|Win32
		{F7EA0457-62DA-4CD8-BD07-66C8A48DBEBA}.Release|x64.ActiveCfg = Release|x64
		{F7EA0457-62DA-4CD8-BD07-66C8A48DBEBA}.Release|x64.Build.0 = Release|x64
		{F7EA0457-62DA-4CD8-BD07-66C8A48DBEBA}.Release|x86.ActiveCfg = Release|Win32
		{F7EA0457-62DA-4CD8-BD07-66C8A48DBEBA}.Release|x86.Build.0 = Release|Win32
		{D1B0ADBA-C8C5-4A5E-8326-028C96AA9157}.Debug|x64.ActiveCfg = Debug|x64
		{D1B0ADBA-C8C5-4A5E-8326-028C96AA9157}.Debug|x64.Build.0 = Debug|x64
		{D1B0ADBA-C8C5-4A5E-8326-028C96AA9157}.Debug|x86.ActiveCfg = Debug|Win32
		{D1B0ADBA-C8C5-4A5E-8326-028C96AA9157}.Debug|x86.Build.0 = Debug|Win32
		{D1B0ADBA-C8C5-4A5E-8326-028C96AA9157}.Release|x64.ActiveCfg = Release|x64
		{D1B0ADBA-C8C5-4A5E-8326-028C96AA9157}.Release|x64.Build.0 = Release|x64
		{D1B0ADBA-C8C5-4A5E-8326-028C96AA9157}.Release|x86.ActiveCfg = Release|Win32
		{D1B0ADBA-C8C5-4A5E-8326-028C96AA9157}.Release|x86.Build.0 = Release|Win32
		{51FCB22E-D6B3-44F0-9FC3-EAA98D5C4D8D}.Debug|x64.ActiveCfg = Debug|x64
		{51FCB22E-D6B3-44F0-9FC3-EAA98D5C4D8D}.Debug|x64.Build.0 = Debug|x64
		{51FCB22E-D6B3-44F0-9FC3-EAA98D5C4D8D}.Debug|x86.ActiveCfg = Debug|Win32
		{51FCB22E-D6B3-44F0-9FC3-EAA98D5C4D8D}.Debug|x86.Build.0 = Debug|Win32
		{51FCB22E-D6B3-44F0-9FC3-EAA98D5C4D8D}.Release|x64.ActiveCfg = Release|x64
		{51FCB22E-D6B3-44F0-9FC3-EAA98D5C4D8D}.Release|x64.Build.0 = Release|x64
		{51FCB22E-D6B3-44F0-9FC3-EAA98D5C4D8D}.Release|x86.ActiveCfg = Release|Win32
		{51FCB22E-D6B3-44F0-9FC3-EAA98D5C4D8D}.Release|x86.Build.0 = Release|Win32
		{2CEA6F18-CB9D-4308-ACE2-48A23EBFB2A1}.Debug|x64.ActiveCfg = Debug|x64
		{2CEA6F18-CB9D-4308-ACE2-48A23EBFB2A1}.Debug|x64.Build.0 = Debug|x64
		{2CEA6F18-CB9D-4308-ACE2-48A23EBFB2A1}.Debug|x86.ActiveCfg = Debug|Win32
		{2CEA6F18-CB9D-4308-ACE2-48A23EBFB2A1}.Debug|x86.Build.0 = Debug|Win32
		{2CEA6F18-CB9D-4308-ACE2-48A23EBFB2A1}.Release|x64.ActiveCfg = Release|x64
		{2CEA6F18-CB9D-4308-ACE2-48A23EBFB2A1}.Release|x64.Build.0 = Release|x64
		{2CEA6F18-CB9D-4308-ACE2-48A23EBFB2A1}.Release|x86.ActiveCfg = Release|Win32
		{2CEA6F18-CB9D-4308-ACE2-48A23EBFB2A1}.Release|x86.Build.0 = Release|Win32
		{94BF711B-E115-4739-BED6-E3D1189CCC41}.Debug|x64.ActiveCfg = Debug|x64
		{94BF711B-E115-4739-BED6-E3D1189CCC41}.Debug|x64.Build.0 = Debug|x64
		{94BF711B-E115-4739-BED6-E3D1189CCC41}.Debug|x86.ActiveCfg = Debug|Win32
		{94BF711B-E115-4739-BED6-E3D1189CCC41}.Debug|x86.Build.0 = Debug|Win32
		{94BF711B-E115-4739-BED6-E3D1189CCC41}.Release|x64.ActiveCfg = Release|x64
		{94BF711B-E115-4739-BED6-E3D1189CCC41}.Release|x64.Build.0 = Release|x64
		{94BF711B-E115-4739-BED6-E3D1189CCC41}.Release|x86.ActiveCfg = Release|Win32
		{94BF711B-E115-4739-BED6-E3D1189CCC41}.Release|x86.Build.0 = Release|Win32
		{2763B3E0-E078-45D0-AF30-FD6BC9AE4573}.Debug|x64.ActiveCfg = Debug|x64
		{2763B3E0-E078-45D0-AF30-FD6BC9AE4573}.Debug|x64.Build.0 = Debug|x64
		{2763B3E0-E078-45D0-AF30-FD6BC9AE4573}.Debug|x86.ActiveCfg = Debug|Win32
		{2763B3E0-E078-45D0-AF30-FD6BC9AE4573}.Debug|x86.Build.0 = Debug|Win32
		{2763B3E0-E078-45D0-AF30-FD6BC9AE4573}.Release|x64.ActiveCfg = Release|x64
		{2763B3E0-E078-45D0-AF30-FD6BC9AE4573}.Release|x64.Build.0 = Release|x64
		{2763B3E0-E078-45D0-AF30-FD6BC9AE4573}.Release|x86.ActiveCfg = Release|Win32
		{2763B3E0-E078-45D0-AF30-FD6BC9AE4573}.Release|x86.Build.0 = Release|Win32
	EndGlobalSection
	GlobalSection(SolutionProperties) = preSolution
		HideSolutionNode = FALSE
	EndGlobalSection
	GlobalSection(ExtensibilityGlobals) = postSolution
		SolutionGuid = {EFA13EC7-6342-4441-BBF6-4AEC8EACAE70}
	EndGlobalSection
EndGlobal
